{
  "version": 4,
  "terraform_version": "1.13.1",
  "serial": 69,
  "lineage": "6805b3ab-4f56-2e1a-acc3-2b7dec3f9570",
  "outputs": {},
  "resources": [
    {
      "mode": "data",
      "type": "google_project",
      "name": "dev_project",
      "provider": "provider[\"registry.terraform.io/hashicorp/google\"]",
      "instances": [
        {
          "schema_version": 0,
          "attributes": {
            "auto_create_network": null,
            "billing_account": "012761-0D2F3D-499DCA",
            "deletion_policy": "PREVENT",
            "effective_labels": {
              "fleet": "medium_extra"
            },
            "folder_id": "80180231695",
            "id": "projects/qwiklabs-gcp-03-3444594577c6",
            "labels": {
              "fleet": "medium_extra"
            },
            "name": "Staging",
            "number": "267302560684",
            "org_id": "",
            "project_id": "qwiklabs-gcp-03-3444594577c6",
            "tags": null,
            "terraform_labels": {
              "fleet": "medium_extra"
            }
          },
          "sensitive_attributes": [],
          "identity_schema_version": 0
        }
      ]
    },
    {
      "mode": "managed",
      "type": "google_bigquery_connection",
      "name": "vertex_ai",
      "provider": "provider[\"registry.terraform.io/hashicorp/google\"]",
      "instances": [
        {
          "schema_version": 0,
          "attributes": {
            "aws": [],
            "azure": [],
            "cloud_resource": [
              {
                "service_account_id": "bqcx-267302560684-k58t@gcp-sa-bigquery-condel.iam.gserviceaccount.com"
              }
            ],
            "cloud_spanner": [],
            "cloud_sql": [],
            "connection_id": "vertex_ai",
            "description": "",
            "friendly_name": "",
            "has_credential": false,
            "id": "projects/qwiklabs-gcp-03-3444594577c6/locations/europe-west4/connections/vertex_ai",
            "kms_key_name": "",
            "location": "europe-west4",
            "name": "projects/267302560684/locations/europe-west4/connections/vertex_ai",
            "project": "qwiklabs-gcp-03-3444594577c6",
            "spark": [],
            "timeouts": null
          },
          "sensitive_attributes": [],
          "identity_schema_version": 0,
          "private": "eyJlMmJmYjczMC1lY2FhLTExZTYtOGY4OC0zNDM2M2JjN2M0YzAiOnsiY3JlYXRlIjoxMjAwMDAwMDAwMDAwLCJkZWxldGUiOjEyMDAwMDAwMDAwMDAsInVwZGF0ZSI6MTIwMDAwMDAwMDAwMH19"
        }
      ]
    },
    {
      "mode": "managed",
      "type": "google_bigquery_dataset",
      "name": "agent_telemetry",
      "provider": "provider[\"registry.terraform.io/hashicorp/google\"]",
      "instances": [
        {
          "schema_version": 0,
          "attributes": {
            "access": [
              {
                "condition": [],
                "dataset": [],
                "domain": "",
                "group_by_email": "",
                "iam_member": "",
                "role": "OWNER",
                "routine": [],
                "special_group": "",
                "user_by_email": "student-03-8376c5edf462@qwiklabs.net",
                "view": []
              },
              {
                "condition": [],
                "dataset": [],
                "domain": "",
                "group_by_email": "",
                "iam_member": "",
                "role": "OWNER",
                "routine": [],
                "special_group": "projectOwners",
                "user_by_email": "",
                "view": []
              },
              {
                "condition": [],
                "dataset": [],
                "domain": "",
                "group_by_email": "",
                "iam_member": "",
                "role": "READER",
                "routine": [],
                "special_group": "projectReaders",
                "user_by_email": "",
                "view": []
              },
              {
                "condition": [],
                "dataset": [],
                "domain": "",
                "group_by_email": "",
                "iam_member": "",
                "role": "WRITER",
                "routine": [],
                "special_group": "projectWriters",
                "user_by_email": "",
                "view": []
              }
            ],
            "creation_time": 1758028434620,
            "dataset_id": "agent_telemetry",
            "default_collation": "",
            "default_encryption_configuration": [],
            "default_partition_expiration_ms": 0,
            "default_table_expiration_ms": 0,
            "delete_contents_on_destroy": false,
            "description": "Dataset for storing agent telemetry data",
            "effective_labels": {
              "goog-terraform-provisioned": "true"
            },
            "etag": "oxmrndXtsxWGHy6eZAqnUA==",
            "external_catalog_dataset_options": [],
            "external_dataset_reference": [],
            "friendly_name": "Agent Telemetry",
            "id": "projects/qwiklabs-gcp-03-3444594577c6/datasets/agent_telemetry",
            "is_case_insensitive": false,
            "labels": {},
            "last_modified_time": 1758028434620,
            "location": "europe-west4",
            "max_time_travel_hours": "168",
            "project": "qwiklabs-gcp-03-3444594577c6",
            "resource_tags": {},
            "self_link": "https://bigquery.googleapis.com/bigquery/v2/projects/qwiklabs-gcp-03-3444594577c6/datasets/agent_telemetry",
            "storage_billing_model": "",
            "terraform_labels": {
              "goog-terraform-provisioned": "true"
            },
            "timeouts": null
          },
          "sensitive_attributes": [],
          "identity_schema_version": 0,
          "private": "eyJlMmJmYjczMC1lY2FhLTExZTYtOGY4OC0zNDM2M2JjN2M0YzAiOnsiY3JlYXRlIjoxMjAwMDAwMDAwMDAwLCJkZWxldGUiOjEyMDAwMDAwMDAwMDAsInVwZGF0ZSI6MTIwMDAwMDAwMDAwMH19"
        }
      ]
    },
    {
      "mode": "managed",
      "type": "google_project_iam_member",
      "name": "app_sa_roles",
      "provider": "provider[\"registry.terraform.io/hashicorp/google\"]",
      "instances": [
        {
          "index_key": "dev,roles/aiplatform.user",
          "schema_version": 0,
          "attributes": {
            "condition": [],
            "etag": "BwY+6vgjnLo=",
            "id": "qwiklabs-gcp-03-3444594577c6/roles/aiplatform.user/serviceAccount:trend-marketeer-app@qwiklabs-gcp-03-3444594577c6.iam.gserviceaccount.com",
            "member": "serviceAccount:trend-marketeer-app@qwiklabs-gcp-03-3444594577c6.iam.gserviceaccount.com",
            "project": "qwiklabs-gcp-03-3444594577c6",
            "role": "roles/aiplatform.user"
          },
          "sensitive_attributes": [],
          "identity_schema_version": 0,
          "private": "bnVsbA==",
          "dependencies": [
            "google_project_service.services",
            "google_service_account.app_sa"
          ]
        },
        {
          "index_key": "dev,roles/bigquery.admin",
          "schema_version": 0,
          "attributes": {
            "condition": [],
            "etag": "BwY+6vgjnLo=",
            "id": "qwiklabs-gcp-03-3444594577c6/roles/bigquery.admin/serviceAccount:trend-marketeer-app@qwiklabs-gcp-03-3444594577c6.iam.gserviceaccount.com",
            "member": "serviceAccount:trend-marketeer-app@qwiklabs-gcp-03-3444594577c6.iam.gserviceaccount.com",
            "project": "qwiklabs-gcp-03-3444594577c6",
            "role": "roles/bigquery.admin"
          },
          "sensitive_attributes": [],
          "identity_schema_version": 0,
          "private": "bnVsbA==",
          "dependencies": [
            "google_project_service.services",
            "google_service_account.app_sa"
          ]
        },
        {
          "index_key": "dev,roles/cloudtrace.agent",
          "schema_version": 0,
          "attributes": {
            "condition": [],
            "etag": "BwY+6vgjnLo=",
            "id": "qwiklabs-gcp-03-3444594577c6/roles/cloudtrace.agent/serviceAccount:trend-marketeer-app@qwiklabs-gcp-03-3444594577c6.iam.gserviceaccount.com",
            "member": "serviceAccount:trend-marketeer-app@qwiklabs-gcp-03-3444594577c6.iam.gserviceaccount.com",
            "project": "qwiklabs-gcp-03-3444594577c6",
            "role": "roles/cloudtrace.agent"
          },
          "sensitive_attributes": [],
          "identity_schema_version": 0,
          "private": "bnVsbA==",
          "dependencies": [
            "google_project_service.services",
            "google_service_account.app_sa"
          ]
        },
        {
          "index_key": "dev,roles/discoveryengine.editor",
          "schema_version": 0,
          "attributes": {
            "condition": [],
            "etag": "BwY+6vgjnLo=",
            "id": "qwiklabs-gcp-03-3444594577c6/roles/discoveryengine.editor/serviceAccount:trend-marketeer-app@qwiklabs-gcp-03-3444594577c6.iam.gserviceaccount.com",
            "member": "serviceAccount:trend-marketeer-app@qwiklabs-gcp-03-3444594577c6.iam.gserviceaccount.com",
            "project": "qwiklabs-gcp-03-3444594577c6",
            "role": "roles/discoveryengine.editor"
          },
          "sensitive_attributes": [],
          "identity_schema_version": 0,
          "private": "bnVsbA==",
          "dependencies": [
            "google_project_service.services",
            "google_service_account.app_sa"
          ]
        },
        {
          "index_key": "dev,roles/logging.logWriter",
          "schema_version": 0,
          "attributes": {
            "condition": [],
            "etag": "BwY+6vgjnLo=",
            "id": "qwiklabs-gcp-03-3444594577c6/roles/logging.logWriter/serviceAccount:trend-marketeer-app@qwiklabs-gcp-03-3444594577c6.iam.gserviceaccount.com",
            "member": "serviceAccount:trend-marketeer-app@qwiklabs-gcp-03-3444594577c6.iam.gserviceaccount.com",
            "project": "qwiklabs-gcp-03-3444594577c6",
            "role": "roles/logging.logWriter"
          },
          "sensitive_attributes": [],
          "identity_schema_version": 0,
          "private": "bnVsbA==",
          "dependencies": [
            "google_project_service.services",
            "google_service_account.app_sa"
          ]
        },
        {
          "index_key": "dev,roles/serviceusage.serviceUsageConsumer",
          "schema_version": 0,
          "attributes": {
            "condition": [],
            "etag": "BwY+6vgjnLo=",
            "id": "qwiklabs-gcp-03-3444594577c6/roles/serviceusage.serviceUsageConsumer/serviceAccount:trend-marketeer-app@qwiklabs-gcp-03-3444594577c6.iam.gserviceaccount.com",
            "member": "serviceAccount:trend-marketeer-app@qwiklabs-gcp-03-3444594577c6.iam.gserviceaccount.com",
            "project": "qwiklabs-gcp-03-3444594577c6",
            "role": "roles/serviceusage.serviceUsageConsumer"
          },
          "sensitive_attributes": [],
          "identity_schema_version": 0,
          "private": "bnVsbA==",
          "dependencies": [
            "google_project_service.services",
            "google_service_account.app_sa"
          ]
        },
        {
          "index_key": "dev,roles/storage.admin",
          "schema_version": 0,
          "attributes": {
            "condition": [],
            "etag": "BwY+6vgjnLo=",
            "id": "qwiklabs-gcp-03-3444594577c6/roles/storage.admin/serviceAccount:trend-marketeer-app@qwiklabs-gcp-03-3444594577c6.iam.gserviceaccount.com",
            "member": "serviceAccount:trend-marketeer-app@qwiklabs-gcp-03-3444594577c6.iam.gserviceaccount.com",
            "project": "qwiklabs-gcp-03-3444594577c6",
            "role": "roles/storage.admin"
          },
          "sensitive_attributes": [],
          "identity_schema_version": 0,
          "private": "bnVsbA==",
          "dependencies": [
            "google_project_service.services",
            "google_service_account.app_sa"
          ]
        }
      ]
    },
    {
      "mode": "managed",
      "type": "google_project_iam_member",
      "name": "bq_connection_sa_vertex_user",
      "provider": "provider[\"registry.terraform.io/hashicorp/google\"]",
      "instances": [
        {
          "schema_version": 0,
          "attributes": {
            "condition": [],
            "etag": "BwY+6vgjnLo=",
            "id": "qwiklabs-gcp-03-3444594577c6/roles/aiplatform.user/serviceAccount:bqcx-267302560684-k58t@gcp-sa-bigquery-condel.iam.gserviceaccount.com",
            "member": "serviceAccount:bqcx-267302560684-k58t@gcp-sa-bigquery-condel.iam.gserviceaccount.com",
            "project": "qwiklabs-gcp-03-3444594577c6",
            "role": "roles/aiplatform.user"
          },
          "sensitive_attributes": [],
          "identity_schema_version": 0,
          "private": "bnVsbA==",
          "dependencies": [
            "google_bigquery_connection.vertex_ai"
          ]
        }
      ]
    },
    {
      "mode": "managed",
      "type": "google_project_iam_member",
      "name": "default_compute_sa_storage_object_creator",
      "provider": "provider[\"registry.terraform.io/hashicorp/google\"]",
      "instances": [
        {
          "schema_version": 0,
          "attributes": {
            "condition": [],
            "etag": "BwY+6vgjnLo=",
            "id": "qwiklabs-gcp-03-3444594577c6/roles/cloudbuild.builds.builder/serviceAccount:267302560684-compute@developer.gserviceaccount.com",
            "member": "serviceAccount:267302560684-compute@developer.gserviceaccount.com",
            "project": "qwiklabs-gcp-03-3444594577c6",
            "role": "roles/cloudbuild.builds.builder"
          },
          "sensitive_attributes": [],
          "identity_schema_version": 0,
          "private": "bnVsbA==",
          "dependencies": [
            "data.google_project.dev_project",
            "google_project_service.services"
          ]
        }
      ]
    },
    {
      "mode": "managed",
      "type": "google_project_service",
      "name": "services",
      "provider": "provider[\"registry.terraform.io/hashicorp/google\"]",
      "instances": [
        {
          "index_key": 0,
          "schema_version": 0,
          "attributes": {
            "disable_dependent_services": null,
            "disable_on_destroy": false,
            "id": "qwiklabs-gcp-03-3444594577c6/aiplatform.googleapis.com",
            "project": "qwiklabs-gcp-03-3444594577c6",
            "service": "aiplatform.googleapis.com",
            "timeouts": null
          },
          "sensitive_attributes": [],
          "identity_schema_version": 0,
          "private": "eyJlMmJmYjczMC1lY2FhLTExZTYtOGY4OC0zNDM2M2JjN2M0YzAiOnsiY3JlYXRlIjoxMjAwMDAwMDAwMDAwLCJkZWxldGUiOjEyMDAwMDAwMDAwMDAsInJlYWQiOjYwMDAwMDAwMDAwMCwidXBkYXRlIjoxMjAwMDAwMDAwMDAwfX0="
        },
        {
          "index_key": 1,
          "schema_version": 0,
          "attributes": {
            "disable_dependent_services": null,
            "disable_on_destroy": false,
            "id": "qwiklabs-gcp-03-3444594577c6/cloudbuild.googleapis.com",
            "project": "qwiklabs-gcp-03-3444594577c6",
            "service": "cloudbuild.googleapis.com",
            "timeouts": null
          },
          "sensitive_attributes": [],
          "identity_schema_version": 0,
          "private": "eyJlMmJmYjczMC1lY2FhLTExZTYtOGY4OC0zNDM2M2JjN2M0YzAiOnsiY3JlYXRlIjoxMjAwMDAwMDAwMDAwLCJkZWxldGUiOjEyMDAwMDAwMDAwMDAsInJlYWQiOjYwMDAwMDAwMDAwMCwidXBkYXRlIjoxMjAwMDAwMDAwMDAwfX0="
        },
        {
          "index_key": 2,
          "schema_version": 0,
          "attributes": {
            "disable_dependent_services": null,
            "disable_on_destroy": false,
            "id": "qwiklabs-gcp-03-3444594577c6/run.googleapis.com",
            "project": "qwiklabs-gcp-03-3444594577c6",
            "service": "run.googleapis.com",
            "timeouts": null
          },
          "sensitive_attributes": [],
          "identity_schema_version": 0,
          "private": "eyJlMmJmYjczMC1lY2FhLTExZTYtOGY4OC0zNDM2M2JjN2M0YzAiOnsiY3JlYXRlIjoxMjAwMDAwMDAwMDAwLCJkZWxldGUiOjEyMDAwMDAwMDAwMDAsInJlYWQiOjYwMDAwMDAwMDAwMCwidXBkYXRlIjoxMjAwMDAwMDAwMDAwfX0="
        },
        {
          "index_key": 3,
          "schema_version": 0,
          "attributes": {
            "disable_dependent_services": null,
            "disable_on_destroy": false,
            "id": "qwiklabs-gcp-03-3444594577c6/bigquery.googleapis.com",
            "project": "qwiklabs-gcp-03-3444594577c6",
            "service": "bigquery.googleapis.com",
            "timeouts": null
          },
          "sensitive_attributes": [],
          "identity_schema_version": 0,
          "private": "eyJlMmJmYjczMC1lY2FhLTExZTYtOGY4OC0zNDM2M2JjN2M0YzAiOnsiY3JlYXRlIjoxMjAwMDAwMDAwMDAwLCJkZWxldGUiOjEyMDAwMDAwMDAwMDAsInJlYWQiOjYwMDAwMDAwMDAwMCwidXBkYXRlIjoxMjAwMDAwMDAwMDAwfX0="
        },
        {
          "index_key": 4,
          "schema_version": 0,
          "attributes": {
            "disable_dependent_services": null,
            "disable_on_destroy": false,
            "id": "qwiklabs-gcp-03-3444594577c6/discoveryengine.googleapis.com",
            "project": "qwiklabs-gcp-03-3444594577c6",
            "service": "discoveryengine.googleapis.com",
            "timeouts": null
          },
          "sensitive_attributes": [],
          "identity_schema_version": 0,
          "private": "eyJlMmJmYjczMC1lY2FhLTExZTYtOGY4OC0zNDM2M2JjN2M0YzAiOnsiY3JlYXRlIjoxMjAwMDAwMDAwMDAwLCJkZWxldGUiOjEyMDAwMDAwMDAwMDAsInJlYWQiOjYwMDAwMDAwMDAwMCwidXBkYXRlIjoxMjAwMDAwMDAwMDAwfX0="
        },
        {
          "index_key": 5,
          "schema_version": 0,
          "attributes": {
            "disable_dependent_services": null,
            "disable_on_destroy": false,
            "id": "qwiklabs-gcp-03-3444594577c6/cloudresourcemanager.googleapis.com",
            "project": "qwiklabs-gcp-03-3444594577c6",
            "service": "cloudresourcemanager.googleapis.com",
            "timeouts": null
          },
          "sensitive_attributes": [],
          "identity_schema_version": 0,
          "private": "eyJlMmJmYjczMC1lY2FhLTExZTYtOGY4OC0zNDM2M2JjN2M0YzAiOnsiY3JlYXRlIjoxMjAwMDAwMDAwMDAwLCJkZWxldGUiOjEyMDAwMDAwMDAwMDAsInJlYWQiOjYwMDAwMDAwMDAwMCwidXBkYXRlIjoxMjAwMDAwMDAwMDAwfX0="
        },
        {
          "index_key": 6,
          "schema_version": 0,
          "attributes": {
            "disable_dependent_services": null,
            "disable_on_destroy": false,
            "id": "qwiklabs-gcp-03-3444594577c6/iam.googleapis.com",
            "project": "qwiklabs-gcp-03-3444594577c6",
            "service": "iam.googleapis.com",
            "timeouts": null
          },
          "sensitive_attributes": [],
          "identity_schema_version": 0,
          "private": "eyJlMmJmYjczMC1lY2FhLTExZTYtOGY4OC0zNDM2M2JjN2M0YzAiOnsiY3JlYXRlIjoxMjAwMDAwMDAwMDAwLCJkZWxldGUiOjEyMDAwMDAwMDAwMDAsInJlYWQiOjYwMDAwMDAwMDAwMCwidXBkYXRlIjoxMjAwMDAwMDAwMDAwfX0="
        },
        {
          "index_key": 7,
          "schema_version": 0,
          "attributes": {
            "disable_dependent_services": null,
            "disable_on_destroy": false,
            "id": "qwiklabs-gcp-03-3444594577c6/bigquery.googleapis.com",
            "project": "qwiklabs-gcp-03-3444594577c6",
            "service": "bigquery.googleapis.com",
            "timeouts": null
          },
          "sensitive_attributes": [],
          "identity_schema_version": 0,
          "private": "eyJlMmJmYjczMC1lY2FhLTExZTYtOGY4OC0zNDM2M2JjN2M0YzAiOnsiY3JlYXRlIjoxMjAwMDAwMDAwMDAwLCJkZWxldGUiOjEyMDAwMDAwMDAwMDAsInJlYWQiOjYwMDAwMDAwMDAwMCwidXBkYXRlIjoxMjAwMDAwMDAwMDAwfX0="
        },
        {
          "index_key": 8,
          "schema_version": 0,
          "attributes": {
            "disable_dependent_services": null,
            "disable_on_destroy": false,
            "id": "qwiklabs-gcp-03-3444594577c6/serviceusage.googleapis.com",
            "project": "qwiklabs-gcp-03-3444594577c6",
            "service": "serviceusage.googleapis.com",
            "timeouts": null
          },
          "sensitive_attributes": [],
          "identity_schema_version": 0,
          "private": "eyJlMmJmYjczMC1lY2FhLTExZTYtOGY4OC0zNDM2M2JjN2M0YzAiOnsiY3JlYXRlIjoxMjAwMDAwMDAwMDAwLCJkZWxldGUiOjEyMDAwMDAwMDAwMDAsInJlYWQiOjYwMDAwMDAwMDAwMCwidXBkYXRlIjoxMjAwMDAwMDAwMDAwfX0="
        },
        {
          "index_key": 9,
          "schema_version": 0,
          "attributes": {
            "disable_dependent_services": null,
            "disable_on_destroy": false,
            "id": "qwiklabs-gcp-03-3444594577c6/logging.googleapis.com",
            "project": "qwiklabs-gcp-03-3444594577c6",
            "service": "logging.googleapis.com",
            "timeouts": null
          },
          "sensitive_attributes": [],
          "identity_schema_version": 0,
          "private": "eyJlMmJmYjczMC1lY2FhLTExZTYtOGY4OC0zNDM2M2JjN2M0YzAiOnsiY3JlYXRlIjoxMjAwMDAwMDAwMDAwLCJkZWxldGUiOjEyMDAwMDAwMDAwMDAsInJlYWQiOjYwMDAwMDAwMDAwMCwidXBkYXRlIjoxMjAwMDAwMDAwMDAwfX0="
        },
        {
          "index_key": 10,
          "schema_version": 0,
          "attributes": {
            "disable_dependent_services": null,
            "disable_on_destroy": false,
            "id": "qwiklabs-gcp-03-3444594577c6/cloudtrace.googleapis.com",
            "project": "qwiklabs-gcp-03-3444594577c6",
            "service": "cloudtrace.googleapis.com",
            "timeouts": null
          },
          "sensitive_attributes": [],
          "identity_schema_version": 0,
          "private": "eyJlMmJmYjczMC1lY2FhLTExZTYtOGY4OC0zNDM2M2JjN2M0YzAiOnsiY3JlYXRlIjoxMjAwMDAwMDAwMDAwLCJkZWxldGUiOjEyMDAwMDAwMDAwMDAsInJlYWQiOjYwMDAwMDAwMDAwMCwidXBkYXRlIjoxMjAwMDAwMDAwMDAwfX0="
        }
      ]
    },
    {
      "mode": "managed",
      "type": "google_project_service_identity",
      "name": "vertex_sa",
      "provider": "provider[\"registry.terraform.io/hashicorp/google-beta\"]",
      "instances": [
        {
          "schema_version": 0,
          "attributes": {
            "email": "service-267302560684@gcp-sa-aiplatform.iam.gserviceaccount.com",
            "id": "projects/qwiklabs-gcp-03-3444594577c6/services/aiplatform.googleapis.com",
            "member": "serviceAccount:service-267302560684@gcp-sa-aiplatform.iam.gserviceaccount.com",
            "project": "qwiklabs-gcp-03-3444594577c6",
            "service": "aiplatform.googleapis.com",
            "timeouts": null
          },
          "sensitive_attributes": [],
          "identity_schema_version": 0,
          "private": "eyJlMmJmYjczMC1lY2FhLTExZTYtOGY4OC0zNDM2M2JjN2M0YzAiOnsiY3JlYXRlIjoxMjAwMDAwMDAwMDAwLCJkZWxldGUiOjEyMDAwMDAwMDAwMDAsInJlYWQiOjYwMDAwMDAwMDAwMH19"
        }
      ]
    },
    {
      "mode": "managed",
      "type": "google_service_account",
      "name": "app_sa",
      "provider": "provider[\"registry.terraform.io/hashicorp/google\"]",
      "instances": [
        {
          "schema_version": 0,
          "attributes": {
            "account_id": "trend-marketeer-app",
            "create_ignore_already_exists": null,
            "description": "",
            "disabled": false,
            "display_name": "trend-marketeer Agent Service Account",
            "email": "trend-marketeer-app@qwiklabs-gcp-03-3444594577c6.iam.gserviceaccount.com",
            "id": "projects/qwiklabs-gcp-03-3444594577c6/serviceAccounts/trend-marketeer-app@qwiklabs-gcp-03-3444594577c6.iam.gserviceaccount.com",
            "member": "serviceAccount:trend-marketeer-app@qwiklabs-gcp-03-3444594577c6.iam.gserviceaccount.com",
            "name": "projects/qwiklabs-gcp-03-3444594577c6/serviceAccounts/trend-marketeer-app@qwiklabs-gcp-03-3444594577c6.iam.gserviceaccount.com",
            "project": "qwiklabs-gcp-03-3444594577c6",
            "timeouts": null,
            "unique_id": "105499500918109426361"
          },
          "sensitive_attributes": [],
          "identity_schema_version": 0,
          "private": "eyJlMmJmYjczMC1lY2FhLTExZTYtOGY4OC0zNDM2M2JjN2M0YzAiOnsiY3JlYXRlIjozMDAwMDAwMDAwMDB9LCJzY2hlbWFfdmVyc2lvbiI6IjAifQ==",
          "dependencies": [
            "google_project_service.services"
          ]
        }
      ]
    },
    {
      "mode": "managed",
      "type": "google_storage_bucket",
      "name": "logs_data_bucket",
      "provider": "provider[\"registry.terraform.io/hashicorp/google\"]",
      "instances": [
        {
          "schema_version": 3,
          "attributes": {
            "autoclass": [],
            "cors": [],
            "custom_placement_config": [],
            "default_event_based_hold": false,
            "effective_labels": {
              "goog-terraform-provisioned": "true"
            },
            "enable_object_retention": false,
            "encryption": [],
            "force_destroy": false,
            "hierarchical_namespace": [
              {
                "enabled": false
              }
            ],
            "id": "qwiklabs-gcp-03-3444594577c6-trend-marketeer-logs-data",
            "ip_filter": [],
            "labels": {},
            "lifecycle_rule": [],
            "location": "EUROPE-WEST4",
            "logging": [],
            "name": "qwiklabs-gcp-03-3444594577c6-trend-marketeer-logs-data",
            "project": "qwiklabs-gcp-03-3444594577c6",
            "project_number": 267302560684,
            "public_access_prevention": "inherited",
            "requester_pays": false,
            "retention_policy": [],
            "rpo": null,
            "self_link": "https://www.googleapis.com/storage/v1/b/qwiklabs-gcp-03-3444594577c6-trend-marketeer-logs-data",
            "soft_delete_policy": [
              {
                "effective_time": "2025-09-16T13:03:02.284Z",
                "retention_duration_seconds": 604800
              }
            ],
            "storage_class": "STANDARD",
            "terraform_labels": {
              "goog-terraform-provisioned": "true"
            },
            "time_created": "2025-09-16T13:03:02.284Z",
            "timeouts": null,
            "uniform_bucket_level_access": true,
            "updated": "2025-09-16T13:03:02.284Z",
            "url": "gs://qwiklabs-gcp-03-3444594577c6-trend-marketeer-logs-data",
            "versioning": [],
            "website": []
          },
          "sensitive_attributes": [],
          "identity_schema_version": 0,
          "private": "eyJlMmJmYjczMC1lY2FhLTExZTYtOGY4OC0zNDM2M2JjN2M0YzAiOnsiY3JlYXRlIjo2MDAwMDAwMDAwMDAsInJlYWQiOjI0MDAwMDAwMDAwMCwidXBkYXRlIjoyNDAwMDAwMDAwMDB9LCJzY2hlbWFfdmVyc2lvbiI6IjMifQ==",
          "dependencies": [
            "google_project_service.services"
          ]
        }
      ]
    },
    {
      "mode": "managed",
      "type": "null_resource",
      "name": "gemini_model",
      "provider": "provider[\"registry.terraform.io/hashicorp/null\"]",
      "instances": [
        {
          "status": "tainted",
          "schema_version": 0,
          "attributes": {
            "id": "2947437690781498922",
            "triggers": {
              "dataset_id": "agent_telemetry"
            }
          },
          "sensitive_attributes": [],
          "identity_schema_version": 0,
          "dependencies": [
            "google_bigquery_connection.vertex_ai",
            "google_bigquery_dataset.agent_telemetry",
            "google_project_iam_member.bq_connection_sa_vertex_user"
          ]
        }
      ]
    },
    {
      "module": "module.feedback_export_to_bigquery",
      "mode": "managed",
      "type": "google_logging_billing_account_sink",
      "name": "sink",
      "provider": "provider[\"registry.terraform.io/hashicorp/google\"]",
      "instances": []
    },
    {
      "module": "module.feedback_export_to_bigquery",
      "mode": "managed",
      "type": "google_logging_folder_sink",
      "name": "sink",
      "provider": "provider[\"registry.terraform.io/hashicorp/google\"]",
      "instances": []
    },
    {
      "module": "module.feedback_export_to_bigquery",
      "mode": "managed",
      "type": "google_logging_organization_sink",
      "name": "sink",
      "provider": "provider[\"registry.terraform.io/hashicorp/google\"]",
      "instances": []
    },
    {
      "module": "module.log_export_to_bigquery",
      "mode": "managed",
      "type": "google_logging_billing_account_sink",
      "name": "sink",
      "provider": "provider[\"registry.terraform.io/hashicorp/google\"]",
      "instances": []
    },
    {
      "module": "module.log_export_to_bigquery",
      "mode": "managed",
      "type": "google_logging_folder_sink",
      "name": "sink",
      "provider": "provider[\"registry.terraform.io/hashicorp/google\"]",
      "instances": []
    },
    {
      "module": "module.log_export_to_bigquery",
      "mode": "managed",
      "type": "google_logging_organization_sink",
      "name": "sink",
      "provider": "provider[\"registry.terraform.io/hashicorp/google\"]",
      "instances": []
    }
  ],
  "check_results": null
}
