{
  "version": 4,
  "terraform_version": "1.12.2",
  "serial": 99,
  "lineage": "cf83a266-8cf0-663d-31dc-d2789da1070d",
  "outputs": {},
  "resources": [
    {
      "mode": "data",
      "type": "github_repository",
      "name": "existing_repo",
      "provider": "provider[\"registry.terraform.io/integrations/github\"]",
      "instances": [
        {
          "index_key": 0,
          "schema_version": 0,
          "attributes": {
            "allow_auto_merge": null,
            "allow_merge_commit": null,
            "allow_rebase_merge": null,
            "allow_squash_merge": null,
            "allow_update_branch": null,
            "archived": null,
            "default_branch": null,
            "delete_branch_on_merge": null,
            "description": null,
            "fork": null,
            "full_name": null,
            "git_clone_url": null,
            "has_discussions": null,
            "has_downloads": null,
            "has_issues": null,
            "has_projects": null,
            "has_wiki": null,
            "homepage_url": null,
            "html_url": null,
            "http_clone_url": null,
            "id": null,
            "is_template": null,
            "merge_commit_message": null,
            "merge_commit_title": null,
            "name": null,
            "node_id": null,
            "pages": null,
            "primary_language": null,
            "private": null,
            "repo_id": null,
            "repository_license": null,
            "squash_merge_commit_message": null,
            "squash_merge_commit_title": null,
            "ssh_clone_url": null,
            "svn_url": null,
            "template": null,
            "topics": null,
            "visibility": null
          },
          "sensitive_attributes": [],
          "identity_schema_version": 0
        }
      ]
    },
    {
      "mode": "data",
      "type": "google_project",
      "name": "cicd_project",
      "provider": "provider[\"registry.terraform.io/hashicorp/google\"]",
      "instances": [
        {
          "schema_version": 0,
          "attributes": {
            "auto_create_network": null,
            "billing_account": "012761-0D2F3D-499DCA",
            "deletion_policy": "PREVENT",
            "effective_labels": {
              "fleet": "medium_extra"
            },
            "folder_id": "16875299526",
            "id": "projects/qwiklabs-gcp-04-d24e5b52bfcb",
            "labels": {
              "fleet": "medium_extra"
            },
            "name": "Production",
            "number": "432386448283",
            "org_id": "",
            "project_id": "qwiklabs-gcp-04-d24e5b52bfcb",
            "tags": null,
            "terraform_labels": {
              "fleet": "medium_extra"
            }
          },
          "sensitive_attributes": [],
          "identity_schema_version": 0
        }
      ]
    },
    {
      "mode": "data",
      "type": "google_project",
      "name": "projects",
      "provider": "provider[\"registry.terraform.io/hashicorp/google\"]",
      "instances": [
        {
          "index_key": "prod",
          "schema_version": 0,
          "attributes": {
            "auto_create_network": null,
            "billing_account": "012761-0D2F3D-499DCA",
            "deletion_policy": "PREVENT",
            "effective_labels": {
              "fleet": "medium_extra"
            },
            "folder_id": "16875299526",
            "id": "projects/qwiklabs-gcp-04-d24e5b52bfcb",
            "labels": {
              "fleet": "medium_extra"
            },
            "name": "Production",
            "number": "432386448283",
            "org_id": "",
            "project_id": "qwiklabs-gcp-04-d24e5b52bfcb",
            "tags": null,
            "terraform_labels": {
              "fleet": "medium_extra"
            }
          },
          "sensitive_attributes": [],
          "identity_schema_version": 0
        },
        {
          "index_key": "staging",
          "schema_version": 0,
          "attributes": {
            "auto_create_network": null,
            "billing_account": "012761-0D2F3D-499DCA",
            "deletion_policy": "PREVENT",
            "effective_labels": {
              "fleet": "medium_extra"
            },
            "folder_id": "80180231695",
            "id": "projects/qwiklabs-gcp-03-3444594577c6",
            "labels": {
              "fleet": "medium_extra"
            },
            "name": "Staging",
            "number": "267302560684",
            "org_id": "",
            "project_id": "qwiklabs-gcp-03-3444594577c6",
            "tags": null,
            "terraform_labels": {
              "fleet": "medium_extra"
            }
          },
          "sensitive_attributes": [],
          "identity_schema_version": 0
        }
      ]
    },
    {
      "mode": "managed",
      "type": "github_repository",
      "name": "repo",
      "provider": "provider[\"registry.terraform.io/integrations/github\"]",
      "instances": []
    },
    {
      "mode": "managed",
      "type": "google_bigquery_dataset",
      "name": "feedback_dataset",
      "provider": "provider[\"registry.terraform.io/hashicorp/google\"]",
      "instances": [
        {
          "index_key": "prod",
          "schema_version": 0,
          "attributes": {
            "access": [
              {
                "condition": [],
                "dataset": [],
                "domain": "",
                "group_by_email": "",
                "iam_member": "",
                "role": "OWNER",
                "routine": [],
                "special_group": "",
                "user_by_email": "student-03-8fccb875aa90@qwiklabs.net",
                "view": []
              },
              {
                "condition": [],
                "dataset": [],
                "domain": "",
                "group_by_email": "",
                "iam_member": "",
                "role": "OWNER",
                "routine": [],
                "special_group": "projectOwners",
                "user_by_email": "",
                "view": []
              },
              {
                "condition": [],
                "dataset": [],
                "domain": "",
                "group_by_email": "",
                "iam_member": "",
                "role": "READER",
                "routine": [],
                "special_group": "projectReaders",
                "user_by_email": "",
                "view": []
              },
              {
                "condition": [],
                "dataset": [],
                "domain": "",
                "group_by_email": "",
                "iam_member": "",
                "role": "WRITER",
                "routine": [],
                "special_group": "projectWriters",
                "user_by_email": "",
                "view": []
              }
            ],
            "creation_time": 1758027781723,
            "dataset_id": "trend_marketeer_feedback",
            "default_collation": "",
            "default_encryption_configuration": [],
            "default_partition_expiration_ms": 0,
            "default_table_expiration_ms": 0,
            "delete_contents_on_destroy": false,
            "description": "",
            "effective_labels": {
              "goog-terraform-provisioned": "true"
            },
            "etag": "7YItbS2i8phjdwx5y6RzMg==",
            "external_catalog_dataset_options": [],
            "external_dataset_reference": [],
            "friendly_name": "trend-marketeer_feedback",
            "id": "projects/qwiklabs-gcp-04-d24e5b52bfcb/datasets/trend_marketeer_feedback",
            "is_case_insensitive": false,
            "labels": {},
            "last_modified_time": 1758027781723,
            "location": "europe-west4",
            "max_time_travel_hours": "168",
            "project": "qwiklabs-gcp-04-d24e5b52bfcb",
            "resource_tags": {},
            "self_link": "https://bigquery.googleapis.com/bigquery/v2/projects/qwiklabs-gcp-04-d24e5b52bfcb/datasets/trend_marketeer_feedback",
            "storage_billing_model": "",
            "terraform_labels": {
              "goog-terraform-provisioned": "true"
            },
            "timeouts": null
          },
          "sensitive_attributes": [],
          "identity_schema_version": 0,
          "private": "eyJlMmJmYjczMC1lY2FhLTExZTYtOGY4OC0zNDM2M2JjN2M0YzAiOnsiY3JlYXRlIjoxMjAwMDAwMDAwMDAwLCJkZWxldGUiOjEyMDAwMDAwMDAwMDAsInVwZGF0ZSI6MTIwMDAwMDAwMDAwMH19",
          "dependencies": [
            "google_project_service.cicd_services",
            "google_project_service.deploy_project_services"
          ]
        },
        {
          "index_key": "staging",
          "schema_version": 0,
          "attributes": {
            "access": [
              {
                "condition": [],
                "dataset": [],
                "domain": "",
                "group_by_email": "",
                "iam_member": "",
                "role": "OWNER",
                "routine": [],
                "special_group": "",
                "user_by_email": "student-03-8fccb875aa90@qwiklabs.net",
                "view": []
              },
              {
                "condition": [],
                "dataset": [],
                "domain": "",
                "group_by_email": "",
                "iam_member": "",
                "role": "OWNER",
                "routine": [],
                "special_group": "projectOwners",
                "user_by_email": "",
                "view": []
              },
              {
                "condition": [],
                "dataset": [],
                "domain": "",
                "group_by_email": "",
                "iam_member": "",
                "role": "READER",
                "routine": [],
                "special_group": "projectReaders",
                "user_by_email": "",
                "view": []
              },
              {
                "condition": [],
                "dataset": [],
                "domain": "",
                "group_by_email": "",
                "iam_member": "",
                "role": "WRITER",
                "routine": [],
                "special_group": "projectWriters",
                "user_by_email": "",
                "view": []
              }
            ],
            "creation_time": 1758027781626,
            "dataset_id": "trend_marketeer_feedback",
            "default_collation": "",
            "default_encryption_configuration": [],
            "default_partition_expiration_ms": 0,
            "default_table_expiration_ms": 0,
            "delete_contents_on_destroy": false,
            "description": "",
            "effective_labels": {
              "goog-terraform-provisioned": "true"
            },
            "etag": "guCHAa5Csm24F2lWzviU3Q==",
            "external_catalog_dataset_options": [],
            "external_dataset_reference": [],
            "friendly_name": "trend-marketeer_feedback",
            "id": "projects/qwiklabs-gcp-03-3444594577c6/datasets/trend_marketeer_feedback",
            "is_case_insensitive": false,
            "labels": {},
            "last_modified_time": 1758027781626,
            "location": "europe-west4",
            "max_time_travel_hours": "168",
            "project": "qwiklabs-gcp-03-3444594577c6",
            "resource_tags": {},
            "self_link": "https://bigquery.googleapis.com/bigquery/v2/projects/qwiklabs-gcp-03-3444594577c6/datasets/trend_marketeer_feedback",
            "storage_billing_model": "",
            "terraform_labels": {
              "goog-terraform-provisioned": "true"
            },
            "timeouts": null
          },
          "sensitive_attributes": [],
          "identity_schema_version": 0,
          "private": "eyJlMmJmYjczMC1lY2FhLTExZTYtOGY4OC0zNDM2M2JjN2M0YzAiOnsiY3JlYXRlIjoxMjAwMDAwMDAwMDAwLCJkZWxldGUiOjEyMDAwMDAwMDAwMDAsInVwZGF0ZSI6MTIwMDAwMDAwMDAwMH19",
          "dependencies": [
            "google_project_service.cicd_services",
            "google_project_service.deploy_project_services"
          ]
        }
      ]
    },
    {
      "mode": "managed",
      "type": "google_bigquery_dataset",
      "name": "telemetry_logs_dataset",
      "provider": "provider[\"registry.terraform.io/hashicorp/google\"]",
      "instances": [
        {
          "index_key": "prod",
          "schema_version": 0,
          "attributes": {
            "access": [
              {
                "condition": [],
                "dataset": [],
                "domain": "",
                "group_by_email": "",
                "iam_member": "",
                "role": "OWNER",
                "routine": [],
                "special_group": "",
                "user_by_email": "student-03-8fccb875aa90@qwiklabs.net",
                "view": []
              },
              {
                "condition": [],
                "dataset": [],
                "domain": "",
                "group_by_email": "",
                "iam_member": "",
                "role": "OWNER",
                "routine": [],
                "special_group": "projectOwners",
                "user_by_email": "",
                "view": []
              },
              {
                "condition": [],
                "dataset": [],
                "domain": "",
                "group_by_email": "",
                "iam_member": "",
                "role": "READER",
                "routine": [],
                "special_group": "projectReaders",
                "user_by_email": "",
                "view": []
              },
              {
                "condition": [],
                "dataset": [],
                "domain": "",
                "group_by_email": "",
                "iam_member": "",
                "role": "WRITER",
                "routine": [],
                "special_group": "projectWriters",
                "user_by_email": "",
                "view": []
              }
            ],
            "creation_time": 1758027781727,
            "dataset_id": "trend_marketeer_telemetry",
            "default_collation": "",
            "default_encryption_configuration": [],
            "default_partition_expiration_ms": 0,
            "default_table_expiration_ms": 0,
            "delete_contents_on_destroy": false,
            "description": "",
            "effective_labels": {
              "goog-terraform-provisioned": "true"
            },
            "etag": "s3svLzqrVqzcyRBTQmcUCQ==",
            "external_catalog_dataset_options": [],
            "external_dataset_reference": [],
            "friendly_name": "trend-marketeer_telemetry",
            "id": "projects/qwiklabs-gcp-04-d24e5b52bfcb/datasets/trend_marketeer_telemetry",
            "is_case_insensitive": false,
            "labels": {},
            "last_modified_time": 1758027781727,
            "location": "europe-west4",
            "max_time_travel_hours": "168",
            "project": "qwiklabs-gcp-04-d24e5b52bfcb",
            "resource_tags": {},
            "self_link": "https://bigquery.googleapis.com/bigquery/v2/projects/qwiklabs-gcp-04-d24e5b52bfcb/datasets/trend_marketeer_telemetry",
            "storage_billing_model": "",
            "terraform_labels": {
              "goog-terraform-provisioned": "true"
            },
            "timeouts": null
          },
          "sensitive_attributes": [],
          "identity_schema_version": 0,
          "private": "eyJlMmJmYjczMC1lY2FhLTExZTYtOGY4OC0zNDM2M2JjN2M0YzAiOnsiY3JlYXRlIjoxMjAwMDAwMDAwMDAwLCJkZWxldGUiOjEyMDAwMDAwMDAwMDAsInVwZGF0ZSI6MTIwMDAwMDAwMDAwMH19",
          "dependencies": [
            "google_project_service.cicd_services",
            "google_project_service.deploy_project_services"
          ]
        },
        {
          "index_key": "staging",
          "schema_version": 0,
          "attributes": {
            "access": [
              {
                "condition": [],
                "dataset": [],
                "domain": "",
                "group_by_email": "",
                "iam_member": "",
                "role": "OWNER",
                "routine": [],
                "special_group": "",
                "user_by_email": "student-03-8fccb875aa90@qwiklabs.net",
                "view": []
              },
              {
                "condition": [],
                "dataset": [],
                "domain": "",
                "group_by_email": "",
                "iam_member": "",
                "role": "OWNER",
                "routine": [],
                "special_group": "projectOwners",
                "user_by_email": "",
                "view": []
              },
              {
                "condition": [],
                "dataset": [],
                "domain": "",
                "group_by_email": "",
                "iam_member": "",
                "role": "READER",
                "routine": [],
                "special_group": "projectReaders",
                "user_by_email": "",
                "view": []
              },
              {
                "condition": [],
                "dataset": [],
                "domain": "",
                "group_by_email": "",
                "iam_member": "",
                "role": "WRITER",
                "routine": [],
                "special_group": "projectWriters",
                "user_by_email": "",
                "view": []
              }
            ],
            "creation_time": 1758027781623,
            "dataset_id": "trend_marketeer_telemetry",
            "default_collation": "",
            "default_encryption_configuration": [],
            "default_partition_expiration_ms": 0,
            "default_table_expiration_ms": 0,
            "delete_contents_on_destroy": false,
            "description": "",
            "effective_labels": {
              "goog-terraform-provisioned": "true"
            },
            "etag": "ipDAB1heBE6uiqc6dvok+g==",
            "external_catalog_dataset_options": [],
            "external_dataset_reference": [],
            "friendly_name": "trend-marketeer_telemetry",
            "id": "projects/qwiklabs-gcp-03-3444594577c6/datasets/trend_marketeer_telemetry",
            "is_case_insensitive": false,
            "labels": {},
            "last_modified_time": 1758027781623,
            "location": "europe-west4",
            "max_time_travel_hours": "168",
            "project": "qwiklabs-gcp-03-3444594577c6",
            "resource_tags": {},
            "self_link": "https://bigquery.googleapis.com/bigquery/v2/projects/qwiklabs-gcp-03-3444594577c6/datasets/trend_marketeer_telemetry",
            "storage_billing_model": "",
            "terraform_labels": {
              "goog-terraform-provisioned": "true"
            },
            "timeouts": null
          },
          "sensitive_attributes": [],
          "identity_schema_version": 0,
          "private": "eyJlMmJmYjczMC1lY2FhLTExZTYtOGY4OC0zNDM2M2JjN2M0YzAiOnsiY3JlYXRlIjoxMjAwMDAwMDAwMDAwLCJkZWxldGUiOjEyMDAwMDAwMDAwMDAsInVwZGF0ZSI6MTIwMDAwMDAwMDAwMH19",
          "dependencies": [
            "google_project_service.cicd_services",
            "google_project_service.deploy_project_services"
          ]
        }
      ]
    },
    {
      "mode": "managed",
      "type": "google_iam_workload_identity_pool",
      "name": "github_pool",
      "provider": "provider[\"registry.terraform.io/hashicorp/google\"]",
      "instances": [
        {
          "schema_version": 0,
          "attributes": {
            "description": "",
            "disabled": false,
            "display_name": "GitHub Actions Pool",
            "id": "projects/qwiklabs-gcp-04-d24e5b52bfcb/locations/global/workloadIdentityPools/trend-marketeer-pool",
            "name": "projects/432386448283/locations/global/workloadIdentityPools/trend-marketeer-pool",
            "project": "qwiklabs-gcp-04-d24e5b52bfcb",
            "state": "ACTIVE",
            "timeouts": null,
            "workload_identity_pool_id": "trend-marketeer-pool"
          },
          "sensitive_attributes": [],
          "identity_schema_version": 0,
          "private": "eyJlMmJmYjczMC1lY2FhLTExZTYtOGY4OC0zNDM2M2JjN2M0YzAiOnsiY3JlYXRlIjoxMjAwMDAwMDAwMDAwLCJkZWxldGUiOjEyMDAwMDAwMDAwMDAsInVwZGF0ZSI6MTIwMDAwMDAwMDAwMH19",
          "dependencies": [
            "google_project_service.cicd_services",
            "google_project_service.deploy_project_services"
          ]
        }
      ]
    },
    {
      "mode": "managed",
      "type": "google_iam_workload_identity_pool_provider",
      "name": "github_provider",
      "provider": "provider[\"registry.terraform.io/hashicorp/google\"]",
      "instances": [
        {
          "schema_version": 0,
          "attributes": {
            "attribute_condition": "attribute.repository == 'Springbok-Agency/oryonx-agentic-era-hackathon'",
            "attribute_mapping": {
              "attribute.repository": "assertion.repository",
              "attribute.repository_owner": "assertion.repository_owner",
              "google.subject": "assertion.sub"
            },
            "aws": [],
            "description": "",
            "disabled": false,
            "display_name": "GitHub OIDC Provider",
            "id": "projects/qwiklabs-gcp-04-d24e5b52bfcb/locations/global/workloadIdentityPools/trend-marketeer-pool/providers/trend-marketeer-oidc",
            "name": "projects/432386448283/locations/global/workloadIdentityPools/trend-marketeer-pool/providers/trend-marketeer-oidc",
            "oidc": [
              {
                "allowed_audiences": [],
                "issuer_uri": "https://token.actions.githubusercontent.com",
                "jwks_json": ""
              }
            ],
            "project": "qwiklabs-gcp-04-d24e5b52bfcb",
            "saml": [],
            "state": "ACTIVE",
            "timeouts": null,
            "workload_identity_pool_id": "trend-marketeer-pool",
            "workload_identity_pool_provider_id": "trend-marketeer-oidc",
            "x509": []
          },
          "sensitive_attributes": [],
          "identity_schema_version": 0,
          "private": "eyJlMmJmYjczMC1lY2FhLTExZTYtOGY4OC0zNDM2M2JjN2M0YzAiOnsiY3JlYXRlIjoxMjAwMDAwMDAwMDAwLCJkZWxldGUiOjEyMDAwMDAwMDAwMDAsInVwZGF0ZSI6MTIwMDAwMDAwMDAwMH19",
          "dependencies": [
            "google_iam_workload_identity_pool.github_pool",
            "google_project_service.cicd_services",
            "google_project_service.deploy_project_services"
          ]
        }
      ]
    },
    {
      "mode": "managed",
      "type": "google_project_iam_member",
      "name": "app_sa_roles",
      "provider": "provider[\"registry.terraform.io/hashicorp/google\"]",
      "instances": [
        {
          "index_key": "prod,roles/aiplatform.user",
          "schema_version": 0,
          "attributes": {
            "condition": [],
            "etag": "BwY+6sDiR1I=",
            "id": "qwiklabs-gcp-04-d24e5b52bfcb/roles/aiplatform.user/serviceAccount:trend-marketeer-app@qwiklabs-gcp-04-d24e5b52bfcb.iam.gserviceaccount.com",
            "member": "serviceAccount:trend-marketeer-app@qwiklabs-gcp-04-d24e5b52bfcb.iam.gserviceaccount.com",
            "project": "qwiklabs-gcp-04-d24e5b52bfcb",
            "role": "roles/aiplatform.user"
          },
          "sensitive_attributes": [],
          "identity_schema_version": 0,
          "private": "bnVsbA==",
          "dependencies": [
            "google_project_service.cicd_services",
            "google_project_service.deploy_project_services",
            "google_service_account.app_sa"
          ]
        },
        {
          "index_key": "prod,roles/cloudtrace.agent",
          "schema_version": 0,
          "attributes": {
            "condition": [],
            "etag": "BwY+6sDiR1I=",
            "id": "qwiklabs-gcp-04-d24e5b52bfcb/roles/cloudtrace.agent/serviceAccount:trend-marketeer-app@qwiklabs-gcp-04-d24e5b52bfcb.iam.gserviceaccount.com",
            "member": "serviceAccount:trend-marketeer-app@qwiklabs-gcp-04-d24e5b52bfcb.iam.gserviceaccount.com",
            "project": "qwiklabs-gcp-04-d24e5b52bfcb",
            "role": "roles/cloudtrace.agent"
          },
          "sensitive_attributes": [],
          "identity_schema_version": 0,
          "private": "bnVsbA==",
          "dependencies": [
            "google_project_service.cicd_services",
            "google_project_service.deploy_project_services",
            "google_service_account.app_sa"
          ]
        },
        {
          "index_key": "prod,roles/discoveryengine.editor",
          "schema_version": 0,
          "attributes": {
            "condition": [],
            "etag": "BwY+6sDiR1I=",
            "id": "qwiklabs-gcp-04-d24e5b52bfcb/roles/discoveryengine.editor/serviceAccount:trend-marketeer-app@qwiklabs-gcp-04-d24e5b52bfcb.iam.gserviceaccount.com",
            "member": "serviceAccount:trend-marketeer-app@qwiklabs-gcp-04-d24e5b52bfcb.iam.gserviceaccount.com",
            "project": "qwiklabs-gcp-04-d24e5b52bfcb",
            "role": "roles/discoveryengine.editor"
          },
          "sensitive_attributes": [],
          "identity_schema_version": 0,
          "private": "bnVsbA==",
          "dependencies": [
            "google_project_service.cicd_services",
            "google_project_service.deploy_project_services",
            "google_service_account.app_sa"
          ]
        },
        {
          "index_key": "prod,roles/logging.logWriter",
          "schema_version": 0,
          "attributes": {
            "condition": [],
            "etag": "BwY+6sDiR1I=",
            "id": "qwiklabs-gcp-04-d24e5b52bfcb/roles/logging.logWriter/serviceAccount:trend-marketeer-app@qwiklabs-gcp-04-d24e5b52bfcb.iam.gserviceaccount.com",
            "member": "serviceAccount:trend-marketeer-app@qwiklabs-gcp-04-d24e5b52bfcb.iam.gserviceaccount.com",
            "project": "qwiklabs-gcp-04-d24e5b52bfcb",
            "role": "roles/logging.logWriter"
          },
          "sensitive_attributes": [],
          "identity_schema_version": 0,
          "private": "bnVsbA==",
          "dependencies": [
            "google_project_service.cicd_services",
            "google_project_service.deploy_project_services",
            "google_service_account.app_sa"
          ]
        },
        {
          "index_key": "prod,roles/serviceusage.serviceUsageConsumer",
          "schema_version": 0,
          "attributes": {
            "condition": [],
            "etag": "BwY+6sDiR1I=",
            "id": "qwiklabs-gcp-04-d24e5b52bfcb/roles/serviceusage.serviceUsageConsumer/serviceAccount:trend-marketeer-app@qwiklabs-gcp-04-d24e5b52bfcb.iam.gserviceaccount.com",
            "member": "serviceAccount:trend-marketeer-app@qwiklabs-gcp-04-d24e5b52bfcb.iam.gserviceaccount.com",
            "project": "qwiklabs-gcp-04-d24e5b52bfcb",
            "role": "roles/serviceusage.serviceUsageConsumer"
          },
          "sensitive_attributes": [],
          "identity_schema_version": 0,
          "private": "bnVsbA==",
          "dependencies": [
            "google_project_service.cicd_services",
            "google_project_service.deploy_project_services",
            "google_service_account.app_sa"
          ]
        },
        {
          "index_key": "prod,roles/storage.admin",
          "schema_version": 0,
          "attributes": {
            "condition": [],
            "etag": "BwY+6sDiR1I=",
            "id": "qwiklabs-gcp-04-d24e5b52bfcb/roles/storage.admin/serviceAccount:trend-marketeer-app@qwiklabs-gcp-04-d24e5b52bfcb.iam.gserviceaccount.com",
            "member": "serviceAccount:trend-marketeer-app@qwiklabs-gcp-04-d24e5b52bfcb.iam.gserviceaccount.com",
            "project": "qwiklabs-gcp-04-d24e5b52bfcb",
            "role": "roles/storage.admin"
          },
          "sensitive_attributes": [],
          "identity_schema_version": 0,
          "private": "bnVsbA==",
          "dependencies": [
            "google_project_service.cicd_services",
            "google_project_service.deploy_project_services",
            "google_service_account.app_sa"
          ]
        },
        {
          "index_key": "staging,roles/aiplatform.user",
          "schema_version": 0,
          "attributes": {
            "condition": [],
            "etag": "BwY+6sCSC74=",
            "id": "qwiklabs-gcp-03-3444594577c6/roles/aiplatform.user/serviceAccount:trend-marketeer-app@qwiklabs-gcp-03-3444594577c6.iam.gserviceaccount.com",
            "member": "serviceAccount:trend-marketeer-app@qwiklabs-gcp-03-3444594577c6.iam.gserviceaccount.com",
            "project": "qwiklabs-gcp-03-3444594577c6",
            "role": "roles/aiplatform.user"
          },
          "sensitive_attributes": [],
          "identity_schema_version": 0,
          "private": "bnVsbA==",
          "dependencies": [
            "google_project_service.cicd_services",
            "google_project_service.deploy_project_services",
            "google_service_account.app_sa"
          ]
        },
        {
          "index_key": "staging,roles/cloudtrace.agent",
          "schema_version": 0,
          "attributes": {
            "condition": [],
            "etag": "BwY+6sCSC74=",
            "id": "qwiklabs-gcp-03-3444594577c6/roles/cloudtrace.agent/serviceAccount:trend-marketeer-app@qwiklabs-gcp-03-3444594577c6.iam.gserviceaccount.com",
            "member": "serviceAccount:trend-marketeer-app@qwiklabs-gcp-03-3444594577c6.iam.gserviceaccount.com",
            "project": "qwiklabs-gcp-03-3444594577c6",
            "role": "roles/cloudtrace.agent"
          },
          "sensitive_attributes": [],
          "identity_schema_version": 0,
          "private": "bnVsbA==",
          "dependencies": [
            "google_project_service.cicd_services",
            "google_project_service.deploy_project_services",
            "google_service_account.app_sa"
          ]
        },
        {
          "index_key": "staging,roles/discoveryengine.editor",
          "schema_version": 0,
          "attributes": {
            "condition": [],
            "etag": "BwY+6sCSC74=",
            "id": "qwiklabs-gcp-03-3444594577c6/roles/discoveryengine.editor/serviceAccount:trend-marketeer-app@qwiklabs-gcp-03-3444594577c6.iam.gserviceaccount.com",
            "member": "serviceAccount:trend-marketeer-app@qwiklabs-gcp-03-3444594577c6.iam.gserviceaccount.com",
            "project": "qwiklabs-gcp-03-3444594577c6",
            "role": "roles/discoveryengine.editor"
          },
          "sensitive_attributes": [],
          "identity_schema_version": 0,
          "private": "bnVsbA==",
          "dependencies": [
            "google_project_service.cicd_services",
            "google_project_service.deploy_project_services",
            "google_service_account.app_sa"
          ]
        },
        {
          "index_key": "staging,roles/logging.logWriter",
          "schema_version": 0,
          "attributes": {
            "condition": [],
            "etag": "BwY+6sCSC74=",
            "id": "qwiklabs-gcp-03-3444594577c6/roles/logging.logWriter/serviceAccount:trend-marketeer-app@qwiklabs-gcp-03-3444594577c6.iam.gserviceaccount.com",
            "member": "serviceAccount:trend-marketeer-app@qwiklabs-gcp-03-3444594577c6.iam.gserviceaccount.com",
            "project": "qwiklabs-gcp-03-3444594577c6",
            "role": "roles/logging.logWriter"
          },
          "sensitive_attributes": [],
          "identity_schema_version": 0,
          "private": "bnVsbA==",
          "dependencies": [
            "google_project_service.cicd_services",
            "google_project_service.deploy_project_services",
            "google_service_account.app_sa"
          ]
        },
        {
          "index_key": "staging,roles/serviceusage.serviceUsageConsumer",
          "schema_version": 0,
          "attributes": {
            "condition": [],
            "etag": "BwY+6sCSC74=",
            "id": "qwiklabs-gcp-03-3444594577c6/roles/serviceusage.serviceUsageConsumer/serviceAccount:trend-marketeer-app@qwiklabs-gcp-03-3444594577c6.iam.gserviceaccount.com",
            "member": "serviceAccount:trend-marketeer-app@qwiklabs-gcp-03-3444594577c6.iam.gserviceaccount.com",
            "project": "qwiklabs-gcp-03-3444594577c6",
            "role": "roles/serviceusage.serviceUsageConsumer"
          },
          "sensitive_attributes": [],
          "identity_schema_version": 0,
          "private": "bnVsbA==",
          "dependencies": [
            "google_project_service.cicd_services",
            "google_project_service.deploy_project_services",
            "google_service_account.app_sa"
          ]
        },
        {
          "index_key": "staging,roles/storage.admin",
          "schema_version": 0,
          "attributes": {
            "condition": [],
            "etag": "BwY+6sCSC74=",
            "id": "qwiklabs-gcp-03-3444594577c6/roles/storage.admin/serviceAccount:trend-marketeer-app@qwiklabs-gcp-03-3444594577c6.iam.gserviceaccount.com",
            "member": "serviceAccount:trend-marketeer-app@qwiklabs-gcp-03-3444594577c6.iam.gserviceaccount.com",
            "project": "qwiklabs-gcp-03-3444594577c6",
            "role": "roles/storage.admin"
          },
          "sensitive_attributes": [],
          "identity_schema_version": 0,
          "private": "bnVsbA==",
          "dependencies": [
            "google_project_service.cicd_services",
            "google_project_service.deploy_project_services",
            "google_service_account.app_sa"
          ]
        }
      ]
    },
    {
      "mode": "managed",
      "type": "google_project_iam_member",
      "name": "bigquery_data_editor",
      "provider": "provider[\"registry.terraform.io/hashicorp/google\"]",
      "instances": [
        {
          "index_key": "prod",
          "schema_version": 0,
          "attributes": {
            "condition": [],
            "etag": "BwY+6sDiR1I=",
            "id": "qwiklabs-gcp-04-d24e5b52bfcb/roles/bigquery.dataEditor/serviceAccount:service-432386448283@gcp-sa-logging.iam.gserviceaccount.com",
            "member": "serviceAccount:service-432386448283@gcp-sa-logging.iam.gserviceaccount.com",
            "project": "qwiklabs-gcp-04-d24e5b52bfcb",
            "role": "roles/bigquery.dataEditor"
          },
          "sensitive_attributes": [],
          "identity_schema_version": 0,
          "private": "bnVsbA==",
          "dependencies": [
            "google_bigquery_dataset.telemetry_logs_dataset",
            "google_project_service.cicd_services",
            "google_project_service.deploy_project_services",
            "module.log_export_to_bigquery.google_logging_billing_account_sink.sink",
            "module.log_export_to_bigquery.google_logging_folder_sink.sink",
            "module.log_export_to_bigquery.google_logging_organization_sink.sink",
            "module.log_export_to_bigquery.google_logging_project_sink.sink"
          ]
        },
        {
          "index_key": "staging",
          "schema_version": 0,
          "attributes": {
            "condition": [],
            "etag": "BwY+6sCSC74=",
            "id": "qwiklabs-gcp-03-3444594577c6/roles/bigquery.dataEditor/serviceAccount:service-267302560684@gcp-sa-logging.iam.gserviceaccount.com",
            "member": "serviceAccount:service-267302560684@gcp-sa-logging.iam.gserviceaccount.com",
            "project": "qwiklabs-gcp-03-3444594577c6",
            "role": "roles/bigquery.dataEditor"
          },
          "sensitive_attributes": [],
          "identity_schema_version": 0,
          "private": "bnVsbA==",
          "dependencies": [
            "google_bigquery_dataset.telemetry_logs_dataset",
            "google_project_service.cicd_services",
            "google_project_service.deploy_project_services",
            "module.log_export_to_bigquery.google_logging_billing_account_sink.sink",
            "module.log_export_to_bigquery.google_logging_folder_sink.sink",
            "module.log_export_to_bigquery.google_logging_organization_sink.sink",
            "module.log_export_to_bigquery.google_logging_project_sink.sink"
          ]
        }
      ]
    },
    {
      "mode": "managed",
      "type": "google_project_iam_member",
      "name": "cicd_project_roles",
      "provider": "provider[\"registry.terraform.io/hashicorp/google\"]",
      "instances": [
        {
          "index_key": "roles/aiplatform.user",
          "schema_version": 0,
          "attributes": {
            "condition": [],
            "etag": "BwY+6sDiR1I=",
            "id": "qwiklabs-gcp-04-d24e5b52bfcb/roles/aiplatform.user/serviceAccount:trend-marketeer-cb@qwiklabs-gcp-04-d24e5b52bfcb.iam.gserviceaccount.com",
            "member": "serviceAccount:trend-marketeer-cb@qwiklabs-gcp-04-d24e5b52bfcb.iam.gserviceaccount.com",
            "project": "qwiklabs-gcp-04-d24e5b52bfcb",
            "role": "roles/aiplatform.user"
          },
          "sensitive_attributes": [],
          "identity_schema_version": 0,
          "private": "bnVsbA==",
          "dependencies": [
            "google_project_service.cicd_services",
            "google_project_service.deploy_project_services",
            "google_service_account.cicd_runner_sa"
          ]
        },
        {
          "index_key": "roles/artifactregistry.writer",
          "schema_version": 0,
          "attributes": {
            "condition": [],
            "etag": "BwY+6sDiR1I=",
            "id": "qwiklabs-gcp-04-d24e5b52bfcb/roles/artifactregistry.writer/serviceAccount:trend-marketeer-cb@qwiklabs-gcp-04-d24e5b52bfcb.iam.gserviceaccount.com",
            "member": "serviceAccount:trend-marketeer-cb@qwiklabs-gcp-04-d24e5b52bfcb.iam.gserviceaccount.com",
            "project": "qwiklabs-gcp-04-d24e5b52bfcb",
            "role": "roles/artifactregistry.writer"
          },
          "sensitive_attributes": [],
          "identity_schema_version": 0,
          "private": "bnVsbA==",
          "dependencies": [
            "google_project_service.cicd_services",
            "google_project_service.deploy_project_services",
            "google_service_account.cicd_runner_sa"
          ]
        },
        {
          "index_key": "roles/cloudbuild.builds.builder",
          "schema_version": 0,
          "attributes": {
            "condition": [],
            "etag": "BwY+6sDiR1I=",
            "id": "qwiklabs-gcp-04-d24e5b52bfcb/roles/cloudbuild.builds.builder/serviceAccount:trend-marketeer-cb@qwiklabs-gcp-04-d24e5b52bfcb.iam.gserviceaccount.com",
            "member": "serviceAccount:trend-marketeer-cb@qwiklabs-gcp-04-d24e5b52bfcb.iam.gserviceaccount.com",
            "project": "qwiklabs-gcp-04-d24e5b52bfcb",
            "role": "roles/cloudbuild.builds.builder"
          },
          "sensitive_attributes": [],
          "identity_schema_version": 0,
          "private": "bnVsbA==",
          "dependencies": [
            "google_project_service.cicd_services",
            "google_project_service.deploy_project_services",
            "google_service_account.cicd_runner_sa"
          ]
        },
        {
          "index_key": "roles/cloudtrace.agent",
          "schema_version": 0,
          "attributes": {
            "condition": [],
            "etag": "BwY+6sDiR1I=",
            "id": "qwiklabs-gcp-04-d24e5b52bfcb/roles/cloudtrace.agent/serviceAccount:trend-marketeer-cb@qwiklabs-gcp-04-d24e5b52bfcb.iam.gserviceaccount.com",
            "member": "serviceAccount:trend-marketeer-cb@qwiklabs-gcp-04-d24e5b52bfcb.iam.gserviceaccount.com",
            "project": "qwiklabs-gcp-04-d24e5b52bfcb",
            "role": "roles/cloudtrace.agent"
          },
          "sensitive_attributes": [],
          "identity_schema_version": 0,
          "private": "bnVsbA==",
          "dependencies": [
            "google_project_service.cicd_services",
            "google_project_service.deploy_project_services",
            "google_service_account.cicd_runner_sa"
          ]
        },
        {
          "index_key": "roles/discoveryengine.editor",
          "schema_version": 0,
          "attributes": {
            "condition": [],
            "etag": "BwY+6sDiR1I=",
            "id": "qwiklabs-gcp-04-d24e5b52bfcb/roles/discoveryengine.editor/serviceAccount:trend-marketeer-cb@qwiklabs-gcp-04-d24e5b52bfcb.iam.gserviceaccount.com",
            "member": "serviceAccount:trend-marketeer-cb@qwiklabs-gcp-04-d24e5b52bfcb.iam.gserviceaccount.com",
            "project": "qwiklabs-gcp-04-d24e5b52bfcb",
            "role": "roles/discoveryengine.editor"
          },
          "sensitive_attributes": [],
          "identity_schema_version": 0,
          "private": "bnVsbA==",
          "dependencies": [
            "google_project_service.cicd_services",
            "google_project_service.deploy_project_services",
            "google_service_account.cicd_runner_sa"
          ]
        },
        {
          "index_key": "roles/logging.logWriter",
          "schema_version": 0,
          "attributes": {
            "condition": [],
            "etag": "BwY+6sDiR1I=",
            "id": "qwiklabs-gcp-04-d24e5b52bfcb/roles/logging.logWriter/serviceAccount:trend-marketeer-cb@qwiklabs-gcp-04-d24e5b52bfcb.iam.gserviceaccount.com",
            "member": "serviceAccount:trend-marketeer-cb@qwiklabs-gcp-04-d24e5b52bfcb.iam.gserviceaccount.com",
            "project": "qwiklabs-gcp-04-d24e5b52bfcb",
            "role": "roles/logging.logWriter"
          },
          "sensitive_attributes": [],
          "identity_schema_version": 0,
          "private": "bnVsbA==",
          "dependencies": [
            "google_project_service.cicd_services",
            "google_project_service.deploy_project_services",
            "google_service_account.cicd_runner_sa"
          ]
        },
        {
          "index_key": "roles/storage.admin",
          "schema_version": 0,
          "attributes": {
            "condition": [],
            "etag": "BwY+6sDiR1I=",
            "id": "qwiklabs-gcp-04-d24e5b52bfcb/roles/storage.admin/serviceAccount:trend-marketeer-cb@qwiklabs-gcp-04-d24e5b52bfcb.iam.gserviceaccount.com",
            "member": "serviceAccount:trend-marketeer-cb@qwiklabs-gcp-04-d24e5b52bfcb.iam.gserviceaccount.com",
            "project": "qwiklabs-gcp-04-d24e5b52bfcb",
            "role": "roles/storage.admin"
          },
          "sensitive_attributes": [],
          "identity_schema_version": 0,
          "private": "bnVsbA==",
          "dependencies": [
            "google_project_service.cicd_services",
            "google_project_service.deploy_project_services",
            "google_service_account.cicd_runner_sa"
          ]
        }
      ]
    },
    {
      "mode": "managed",
      "type": "google_project_iam_member",
      "name": "other_projects_roles",
      "provider": "provider[\"registry.terraform.io/hashicorp/google\"]",
      "instances": [
        {
          "index_key": "prod-roles/aiplatform.user",
          "schema_version": 0,
          "attributes": {
            "condition": [],
            "etag": "BwY+6sDiR1I=",
            "id": "qwiklabs-gcp-04-d24e5b52bfcb/roles/aiplatform.user/serviceAccount:trend-marketeer-cb@qwiklabs-gcp-04-d24e5b52bfcb.iam.gserviceaccount.com",
            "member": "serviceAccount:trend-marketeer-cb@qwiklabs-gcp-04-d24e5b52bfcb.iam.gserviceaccount.com",
            "project": "qwiklabs-gcp-04-d24e5b52bfcb",
            "role": "roles/aiplatform.user"
          },
          "sensitive_attributes": [],
          "identity_schema_version": 0,
          "private": "bnVsbA==",
          "dependencies": [
            "google_project_service.cicd_services",
            "google_project_service.deploy_project_services",
            "google_service_account.cicd_runner_sa"
          ]
        },
        {
          "index_key": "prod-roles/iam.serviceAccountUser",
          "schema_version": 0,
          "attributes": {
            "condition": [],
            "etag": "BwY+6sDiR1I=",
            "id": "qwiklabs-gcp-04-d24e5b52bfcb/roles/iam.serviceAccountUser/serviceAccount:trend-marketeer-cb@qwiklabs-gcp-04-d24e5b52bfcb.iam.gserviceaccount.com",
            "member": "serviceAccount:trend-marketeer-cb@qwiklabs-gcp-04-d24e5b52bfcb.iam.gserviceaccount.com",
            "project": "qwiklabs-gcp-04-d24e5b52bfcb",
            "role": "roles/iam.serviceAccountUser"
          },
          "sensitive_attributes": [],
          "identity_schema_version": 0,
          "private": "bnVsbA==",
          "dependencies": [
            "google_project_service.cicd_services",
            "google_project_service.deploy_project_services",
            "google_service_account.cicd_runner_sa"
          ]
        },
        {
          "index_key": "prod-roles/storage.admin",
          "schema_version": 0,
          "attributes": {
            "condition": [],
            "etag": "BwY+6sDiR1I=",
            "id": "qwiklabs-gcp-04-d24e5b52bfcb/roles/storage.admin/serviceAccount:trend-marketeer-cb@qwiklabs-gcp-04-d24e5b52bfcb.iam.gserviceaccount.com",
            "member": "serviceAccount:trend-marketeer-cb@qwiklabs-gcp-04-d24e5b52bfcb.iam.gserviceaccount.com",
            "project": "qwiklabs-gcp-04-d24e5b52bfcb",
            "role": "roles/storage.admin"
          },
          "sensitive_attributes": [],
          "identity_schema_version": 0,
          "private": "bnVsbA==",
          "dependencies": [
            "google_project_service.cicd_services",
            "google_project_service.deploy_project_services",
            "google_service_account.cicd_runner_sa"
          ]
        },
        {
          "index_key": "staging-roles/aiplatform.user",
          "schema_version": 0,
          "attributes": {
            "condition": [],
            "etag": "BwY+6sCSC74=",
            "id": "qwiklabs-gcp-03-3444594577c6/roles/aiplatform.user/serviceAccount:trend-marketeer-cb@qwiklabs-gcp-04-d24e5b52bfcb.iam.gserviceaccount.com",
            "member": "serviceAccount:trend-marketeer-cb@qwiklabs-gcp-04-d24e5b52bfcb.iam.gserviceaccount.com",
            "project": "qwiklabs-gcp-03-3444594577c6",
            "role": "roles/aiplatform.user"
          },
          "sensitive_attributes": [],
          "identity_schema_version": 0,
          "private": "bnVsbA==",
          "dependencies": [
            "google_project_service.cicd_services",
            "google_project_service.deploy_project_services",
            "google_service_account.cicd_runner_sa"
          ]
        },
        {
          "index_key": "staging-roles/iam.serviceAccountUser",
          "schema_version": 0,
          "attributes": {
            "condition": [],
            "etag": "BwY+6sCSC74=",
            "id": "qwiklabs-gcp-03-3444594577c6/roles/iam.serviceAccountUser/serviceAccount:trend-marketeer-cb@qwiklabs-gcp-04-d24e5b52bfcb.iam.gserviceaccount.com",
            "member": "serviceAccount:trend-marketeer-cb@qwiklabs-gcp-04-d24e5b52bfcb.iam.gserviceaccount.com",
            "project": "qwiklabs-gcp-03-3444594577c6",
            "role": "roles/iam.serviceAccountUser"
          },
          "sensitive_attributes": [],
          "identity_schema_version": 0,
          "private": "bnVsbA==",
          "dependencies": [
            "google_project_service.cicd_services",
            "google_project_service.deploy_project_services",
            "google_service_account.cicd_runner_sa"
          ]
        },
        {
          "index_key": "staging-roles/storage.admin",
          "schema_version": 0,
          "attributes": {
            "condition": [],
            "etag": "BwY+6sCSC74=",
            "id": "qwiklabs-gcp-03-3444594577c6/roles/storage.admin/serviceAccount:trend-marketeer-cb@qwiklabs-gcp-04-d24e5b52bfcb.iam.gserviceaccount.com",
            "member": "serviceAccount:trend-marketeer-cb@qwiklabs-gcp-04-d24e5b52bfcb.iam.gserviceaccount.com",
            "project": "qwiklabs-gcp-03-3444594577c6",
            "role": "roles/storage.admin"
          },
          "sensitive_attributes": [],
          "identity_schema_version": 0,
          "private": "bnVsbA==",
          "dependencies": [
            "google_project_service.cicd_services",
            "google_project_service.deploy_project_services",
            "google_service_account.cicd_runner_sa"
          ]
        }
      ]
    },
    {
      "mode": "managed",
      "type": "google_project_service",
      "name": "cicd_cloud_resource_manager_api",
      "provider": "provider[\"registry.terraform.io/hashicorp/google\"]",
      "instances": [
        {
          "schema_version": 0,
          "attributes": {
            "disable_dependent_services": null,
            "disable_on_destroy": false,
            "id": "qwiklabs-gcp-04-d24e5b52bfcb/cloudresourcemanager.googleapis.com",
            "project": "qwiklabs-gcp-04-d24e5b52bfcb",
            "service": "cloudresourcemanager.googleapis.com",
            "timeouts": null
          },
          "sensitive_attributes": [],
          "identity_schema_version": 0,
          "private": "eyJlMmJmYjczMC1lY2FhLTExZTYtOGY4OC0zNDM2M2JjN2M0YzAiOnsiY3JlYXRlIjoxMjAwMDAwMDAwMDAwLCJkZWxldGUiOjEyMDAwMDAwMDAwMDAsInJlYWQiOjYwMDAwMDAwMDAwMCwidXBkYXRlIjoxMjAwMDAwMDAwMDAwfX0="
        }
      ]
    },
    {
      "mode": "managed",
      "type": "google_project_service",
      "name": "cicd_services",
      "provider": "provider[\"registry.terraform.io/hashicorp/google\"]",
      "instances": [
        {
          "index_key": 0,
          "schema_version": 0,
          "attributes": {
            "disable_dependent_services": null,
            "disable_on_destroy": false,
            "id": "qwiklabs-gcp-04-d24e5b52bfcb/cloudbuild.googleapis.com",
            "project": "qwiklabs-gcp-04-d24e5b52bfcb",
            "service": "cloudbuild.googleapis.com",
            "timeouts": null
          },
          "sensitive_attributes": [],
          "identity_schema_version": 0,
          "private": "eyJlMmJmYjczMC1lY2FhLTExZTYtOGY4OC0zNDM2M2JjN2M0YzAiOnsiY3JlYXRlIjoxMjAwMDAwMDAwMDAwLCJkZWxldGUiOjEyMDAwMDAwMDAwMDAsInJlYWQiOjYwMDAwMDAwMDAwMCwidXBkYXRlIjoxMjAwMDAwMDAwMDAwfX0="
        },
        {
          "index_key": 1,
          "schema_version": 0,
          "attributes": {
            "disable_dependent_services": null,
            "disable_on_destroy": false,
            "id": "qwiklabs-gcp-04-d24e5b52bfcb/discoveryengine.googleapis.com",
            "project": "qwiklabs-gcp-04-d24e5b52bfcb",
            "service": "discoveryengine.googleapis.com",
            "timeouts": null
          },
          "sensitive_attributes": [],
          "identity_schema_version": 0,
          "private": "eyJlMmJmYjczMC1lY2FhLTExZTYtOGY4OC0zNDM2M2JjN2M0YzAiOnsiY3JlYXRlIjoxMjAwMDAwMDAwMDAwLCJkZWxldGUiOjEyMDAwMDAwMDAwMDAsInJlYWQiOjYwMDAwMDAwMDAwMCwidXBkYXRlIjoxMjAwMDAwMDAwMDAwfX0="
        },
        {
          "index_key": 2,
          "schema_version": 0,
          "attributes": {
            "disable_dependent_services": null,
            "disable_on_destroy": false,
            "id": "qwiklabs-gcp-04-d24e5b52bfcb/aiplatform.googleapis.com",
            "project": "qwiklabs-gcp-04-d24e5b52bfcb",
            "service": "aiplatform.googleapis.com",
            "timeouts": null
          },
          "sensitive_attributes": [],
          "identity_schema_version": 0,
          "private": "eyJlMmJmYjczMC1lY2FhLTExZTYtOGY4OC0zNDM2M2JjN2M0YzAiOnsiY3JlYXRlIjoxMjAwMDAwMDAwMDAwLCJkZWxldGUiOjEyMDAwMDAwMDAwMDAsInJlYWQiOjYwMDAwMDAwMDAwMCwidXBkYXRlIjoxMjAwMDAwMDAwMDAwfX0="
        },
        {
          "index_key": 3,
          "schema_version": 0,
          "attributes": {
            "disable_dependent_services": null,
            "disable_on_destroy": false,
            "id": "qwiklabs-gcp-04-d24e5b52bfcb/serviceusage.googleapis.com",
            "project": "qwiklabs-gcp-04-d24e5b52bfcb",
            "service": "serviceusage.googleapis.com",
            "timeouts": null
          },
          "sensitive_attributes": [],
          "identity_schema_version": 0,
          "private": "eyJlMmJmYjczMC1lY2FhLTExZTYtOGY4OC0zNDM2M2JjN2M0YzAiOnsiY3JlYXRlIjoxMjAwMDAwMDAwMDAwLCJkZWxldGUiOjEyMDAwMDAwMDAwMDAsInJlYWQiOjYwMDAwMDAwMDAwMCwidXBkYXRlIjoxMjAwMDAwMDAwMDAwfX0="
        },
        {
          "index_key": 4,
          "schema_version": 0,
          "attributes": {
            "disable_dependent_services": null,
            "disable_on_destroy": false,
            "id": "qwiklabs-gcp-04-d24e5b52bfcb/bigquery.googleapis.com",
            "project": "qwiklabs-gcp-04-d24e5b52bfcb",
            "service": "bigquery.googleapis.com",
            "timeouts": null
          },
          "sensitive_attributes": [],
          "identity_schema_version": 0,
          "private": "eyJlMmJmYjczMC1lY2FhLTExZTYtOGY4OC0zNDM2M2JjN2M0YzAiOnsiY3JlYXRlIjoxMjAwMDAwMDAwMDAwLCJkZWxldGUiOjEyMDAwMDAwMDAwMDAsInJlYWQiOjYwMDAwMDAwMDAwMCwidXBkYXRlIjoxMjAwMDAwMDAwMDAwfX0="
        },
        {
          "index_key": 5,
          "schema_version": 0,
          "attributes": {
            "disable_dependent_services": null,
            "disable_on_destroy": false,
            "id": "qwiklabs-gcp-04-d24e5b52bfcb/cloudresourcemanager.googleapis.com",
            "project": "qwiklabs-gcp-04-d24e5b52bfcb",
            "service": "cloudresourcemanager.googleapis.com",
            "timeouts": null
          },
          "sensitive_attributes": [],
          "identity_schema_version": 0,
          "private": "eyJlMmJmYjczMC1lY2FhLTExZTYtOGY4OC0zNDM2M2JjN2M0YzAiOnsiY3JlYXRlIjoxMjAwMDAwMDAwMDAwLCJkZWxldGUiOjEyMDAwMDAwMDAwMDAsInJlYWQiOjYwMDAwMDAwMDAwMCwidXBkYXRlIjoxMjAwMDAwMDAwMDAwfX0="
        },
        {
          "index_key": 6,
          "schema_version": 0,
          "attributes": {
            "disable_dependent_services": null,
            "disable_on_destroy": false,
            "id": "qwiklabs-gcp-04-d24e5b52bfcb/cloudtrace.googleapis.com",
            "project": "qwiklabs-gcp-04-d24e5b52bfcb",
            "service": "cloudtrace.googleapis.com",
            "timeouts": null
          },
          "sensitive_attributes": [],
          "identity_schema_version": 0,
          "private": "eyJlMmJmYjczMC1lY2FhLTExZTYtOGY4OC0zNDM2M2JjN2M0YzAiOnsiY3JlYXRlIjoxMjAwMDAwMDAwMDAwLCJkZWxldGUiOjEyMDAwMDAwMDAwMDAsInJlYWQiOjYwMDAwMDAwMDAwMCwidXBkYXRlIjoxMjAwMDAwMDAwMDAwfX0="
        }
      ]
    },
    {
      "mode": "managed",
      "type": "google_project_service",
      "name": "deploy_project_services",
      "provider": "provider[\"registry.terraform.io/hashicorp/google\"]",
      "instances": [
        {
          "index_key": "prod_aiplatform_googleapis_com",
          "schema_version": 0,
          "attributes": {
            "disable_dependent_services": null,
            "disable_on_destroy": false,
            "id": "qwiklabs-gcp-04-d24e5b52bfcb/aiplatform.googleapis.com",
            "project": "qwiklabs-gcp-04-d24e5b52bfcb",
            "service": "aiplatform.googleapis.com",
            "timeouts": null
          },
          "sensitive_attributes": [],
          "identity_schema_version": 0,
          "private": "eyJlMmJmYjczMC1lY2FhLTExZTYtOGY4OC0zNDM2M2JjN2M0YzAiOnsiY3JlYXRlIjoxMjAwMDAwMDAwMDAwLCJkZWxldGUiOjEyMDAwMDAwMDAwMDAsInJlYWQiOjYwMDAwMDAwMDAwMCwidXBkYXRlIjoxMjAwMDAwMDAwMDAwfX0="
        },
        {
          "index_key": "prod_bigquery_googleapis_com",
          "schema_version": 0,
          "attributes": {
            "disable_dependent_services": null,
            "disable_on_destroy": false,
            "id": "qwiklabs-gcp-04-d24e5b52bfcb/bigquery.googleapis.com",
            "project": "qwiklabs-gcp-04-d24e5b52bfcb",
            "service": "bigquery.googleapis.com",
            "timeouts": null
          },
          "sensitive_attributes": [],
          "identity_schema_version": 0,
          "private": "eyJlMmJmYjczMC1lY2FhLTExZTYtOGY4OC0zNDM2M2JjN2M0YzAiOnsiY3JlYXRlIjoxMjAwMDAwMDAwMDAwLCJkZWxldGUiOjEyMDAwMDAwMDAwMDAsInJlYWQiOjYwMDAwMDAwMDAwMCwidXBkYXRlIjoxMjAwMDAwMDAwMDAwfX0="
        },
        {
          "index_key": "prod_cloudresourcemanager_googleapis_com",
          "schema_version": 0,
          "attributes": {
            "disable_dependent_services": null,
            "disable_on_destroy": false,
            "id": "qwiklabs-gcp-04-d24e5b52bfcb/cloudresourcemanager.googleapis.com",
            "project": "qwiklabs-gcp-04-d24e5b52bfcb",
            "service": "cloudresourcemanager.googleapis.com",
            "timeouts": null
          },
          "sensitive_attributes": [],
          "identity_schema_version": 0,
          "private": "eyJlMmJmYjczMC1lY2FhLTExZTYtOGY4OC0zNDM2M2JjN2M0YzAiOnsiY3JlYXRlIjoxMjAwMDAwMDAwMDAwLCJkZWxldGUiOjEyMDAwMDAwMDAwMDAsInJlYWQiOjYwMDAwMDAwMDAwMCwidXBkYXRlIjoxMjAwMDAwMDAwMDAwfX0="
        },
        {
          "index_key": "prod_cloudtrace_googleapis_com",
          "schema_version": 0,
          "attributes": {
            "disable_dependent_services": null,
            "disable_on_destroy": false,
            "id": "qwiklabs-gcp-04-d24e5b52bfcb/cloudtrace.googleapis.com",
            "project": "qwiklabs-gcp-04-d24e5b52bfcb",
            "service": "cloudtrace.googleapis.com",
            "timeouts": null
          },
          "sensitive_attributes": [],
          "identity_schema_version": 0,
          "private": "eyJlMmJmYjczMC1lY2FhLTExZTYtOGY4OC0zNDM2M2JjN2M0YzAiOnsiY3JlYXRlIjoxMjAwMDAwMDAwMDAwLCJkZWxldGUiOjEyMDAwMDAwMDAwMDAsInJlYWQiOjYwMDAwMDAwMDAwMCwidXBkYXRlIjoxMjAwMDAwMDAwMDAwfX0="
        },
        {
          "index_key": "prod_discoveryengine_googleapis_com",
          "schema_version": 0,
          "attributes": {
            "disable_dependent_services": null,
            "disable_on_destroy": false,
            "id": "qwiklabs-gcp-04-d24e5b52bfcb/discoveryengine.googleapis.com",
            "project": "qwiklabs-gcp-04-d24e5b52bfcb",
            "service": "discoveryengine.googleapis.com",
            "timeouts": null
          },
          "sensitive_attributes": [],
          "identity_schema_version": 0,
          "private": "eyJlMmJmYjczMC1lY2FhLTExZTYtOGY4OC0zNDM2M2JjN2M0YzAiOnsiY3JlYXRlIjoxMjAwMDAwMDAwMDAwLCJkZWxldGUiOjEyMDAwMDAwMDAwMDAsInJlYWQiOjYwMDAwMDAwMDAwMCwidXBkYXRlIjoxMjAwMDAwMDAwMDAwfX0="
        },
        {
          "index_key": "prod_iam_googleapis_com",
          "schema_version": 0,
          "attributes": {
            "disable_dependent_services": null,
            "disable_on_destroy": false,
            "id": "qwiklabs-gcp-04-d24e5b52bfcb/iam.googleapis.com",
            "project": "qwiklabs-gcp-04-d24e5b52bfcb",
            "service": "iam.googleapis.com",
            "timeouts": null
          },
          "sensitive_attributes": [],
          "identity_schema_version": 0,
          "private": "eyJlMmJmYjczMC1lY2FhLTExZTYtOGY4OC0zNDM2M2JjN2M0YzAiOnsiY3JlYXRlIjoxMjAwMDAwMDAwMDAwLCJkZWxldGUiOjEyMDAwMDAwMDAwMDAsInJlYWQiOjYwMDAwMDAwMDAwMCwidXBkYXRlIjoxMjAwMDAwMDAwMDAwfX0="
        },
        {
          "index_key": "prod_logging_googleapis_com",
          "schema_version": 0,
          "attributes": {
            "disable_dependent_services": null,
            "disable_on_destroy": false,
            "id": "qwiklabs-gcp-04-d24e5b52bfcb/logging.googleapis.com",
            "project": "qwiklabs-gcp-04-d24e5b52bfcb",
            "service": "logging.googleapis.com",
            "timeouts": null
          },
          "sensitive_attributes": [],
          "identity_schema_version": 0,
          "private": "eyJlMmJmYjczMC1lY2FhLTExZTYtOGY4OC0zNDM2M2JjN2M0YzAiOnsiY3JlYXRlIjoxMjAwMDAwMDAwMDAwLCJkZWxldGUiOjEyMDAwMDAwMDAwMDAsInJlYWQiOjYwMDAwMDAwMDAwMCwidXBkYXRlIjoxMjAwMDAwMDAwMDAwfX0="
        },
        {
          "index_key": "prod_run_googleapis_com",
          "schema_version": 0,
          "attributes": {
            "disable_dependent_services": null,
            "disable_on_destroy": false,
            "id": "qwiklabs-gcp-04-d24e5b52bfcb/run.googleapis.com",
            "project": "qwiklabs-gcp-04-d24e5b52bfcb",
            "service": "run.googleapis.com",
            "timeouts": null
          },
          "sensitive_attributes": [],
          "identity_schema_version": 0,
          "private": "eyJlMmJmYjczMC1lY2FhLTExZTYtOGY4OC0zNDM2M2JjN2M0YzAiOnsiY3JlYXRlIjoxMjAwMDAwMDAwMDAwLCJkZWxldGUiOjEyMDAwMDAwMDAwMDAsInJlYWQiOjYwMDAwMDAwMDAwMCwidXBkYXRlIjoxMjAwMDAwMDAwMDAwfX0="
        },
        {
          "index_key": "prod_serviceusage_googleapis_com",
          "schema_version": 0,
          "attributes": {
            "disable_dependent_services": null,
            "disable_on_destroy": false,
            "id": "qwiklabs-gcp-04-d24e5b52bfcb/serviceusage.googleapis.com",
            "project": "qwiklabs-gcp-04-d24e5b52bfcb",
            "service": "serviceusage.googleapis.com",
            "timeouts": null
          },
          "sensitive_attributes": [],
          "identity_schema_version": 0,
          "private": "eyJlMmJmYjczMC1lY2FhLTExZTYtOGY4OC0zNDM2M2JjN2M0YzAiOnsiY3JlYXRlIjoxMjAwMDAwMDAwMDAwLCJkZWxldGUiOjEyMDAwMDAwMDAwMDAsInJlYWQiOjYwMDAwMDAwMDAwMCwidXBkYXRlIjoxMjAwMDAwMDAwMDAwfX0="
        },
        {
          "index_key": "staging_aiplatform_googleapis_com",
          "schema_version": 0,
          "attributes": {
            "disable_dependent_services": null,
            "disable_on_destroy": false,
            "id": "qwiklabs-gcp-03-3444594577c6/aiplatform.googleapis.com",
            "project": "qwiklabs-gcp-03-3444594577c6",
            "service": "aiplatform.googleapis.com",
            "timeouts": null
          },
          "sensitive_attributes": [],
          "identity_schema_version": 0,
          "private": "eyJlMmJmYjczMC1lY2FhLTExZTYtOGY4OC0zNDM2M2JjN2M0YzAiOnsiY3JlYXRlIjoxMjAwMDAwMDAwMDAwLCJkZWxldGUiOjEyMDAwMDAwMDAwMDAsInJlYWQiOjYwMDAwMDAwMDAwMCwidXBkYXRlIjoxMjAwMDAwMDAwMDAwfX0="
        },
        {
          "index_key": "staging_bigquery_googleapis_com",
          "schema_version": 0,
          "attributes": {
            "disable_dependent_services": null,
            "disable_on_destroy": false,
            "id": "qwiklabs-gcp-03-3444594577c6/bigquery.googleapis.com",
            "project": "qwiklabs-gcp-03-3444594577c6",
            "service": "bigquery.googleapis.com",
            "timeouts": null
          },
          "sensitive_attributes": [],
          "identity_schema_version": 0,
          "private": "eyJlMmJmYjczMC1lY2FhLTExZTYtOGY4OC0zNDM2M2JjN2M0YzAiOnsiY3JlYXRlIjoxMjAwMDAwMDAwMDAwLCJkZWxldGUiOjEyMDAwMDAwMDAwMDAsInJlYWQiOjYwMDAwMDAwMDAwMCwidXBkYXRlIjoxMjAwMDAwMDAwMDAwfX0="
        },
        {
          "index_key": "staging_cloudresourcemanager_googleapis_com",
          "schema_version": 0,
          "attributes": {
            "disable_dependent_services": null,
            "disable_on_destroy": false,
            "id": "qwiklabs-gcp-03-3444594577c6/cloudresourcemanager.googleapis.com",
            "project": "qwiklabs-gcp-03-3444594577c6",
            "service": "cloudresourcemanager.googleapis.com",
            "timeouts": null
          },
          "sensitive_attributes": [],
          "identity_schema_version": 0,
          "private": "eyJlMmJmYjczMC1lY2FhLTExZTYtOGY4OC0zNDM2M2JjN2M0YzAiOnsiY3JlYXRlIjoxMjAwMDAwMDAwMDAwLCJkZWxldGUiOjEyMDAwMDAwMDAwMDAsInJlYWQiOjYwMDAwMDAwMDAwMCwidXBkYXRlIjoxMjAwMDAwMDAwMDAwfX0="
        },
        {
          "index_key": "staging_cloudtrace_googleapis_com",
          "schema_version": 0,
          "attributes": {
            "disable_dependent_services": null,
            "disable_on_destroy": false,
            "id": "qwiklabs-gcp-03-3444594577c6/cloudtrace.googleapis.com",
            "project": "qwiklabs-gcp-03-3444594577c6",
            "service": "cloudtrace.googleapis.com",
            "timeouts": null
          },
          "sensitive_attributes": [],
          "identity_schema_version": 0,
          "private": "eyJlMmJmYjczMC1lY2FhLTExZTYtOGY4OC0zNDM2M2JjN2M0YzAiOnsiY3JlYXRlIjoxMjAwMDAwMDAwMDAwLCJkZWxldGUiOjEyMDAwMDAwMDAwMDAsInJlYWQiOjYwMDAwMDAwMDAwMCwidXBkYXRlIjoxMjAwMDAwMDAwMDAwfX0="
        },
        {
          "index_key": "staging_discoveryengine_googleapis_com",
          "schema_version": 0,
          "attributes": {
            "disable_dependent_services": null,
            "disable_on_destroy": false,
            "id": "qwiklabs-gcp-03-3444594577c6/discoveryengine.googleapis.com",
            "project": "qwiklabs-gcp-03-3444594577c6",
            "service": "discoveryengine.googleapis.com",
            "timeouts": null
          },
          "sensitive_attributes": [],
          "identity_schema_version": 0,
          "private": "eyJlMmJmYjczMC1lY2FhLTExZTYtOGY4OC0zNDM2M2JjN2M0YzAiOnsiY3JlYXRlIjoxMjAwMDAwMDAwMDAwLCJkZWxldGUiOjEyMDAwMDAwMDAwMDAsInJlYWQiOjYwMDAwMDAwMDAwMCwidXBkYXRlIjoxMjAwMDAwMDAwMDAwfX0="
        },
        {
          "index_key": "staging_iam_googleapis_com",
          "schema_version": 0,
          "attributes": {
            "disable_dependent_services": null,
            "disable_on_destroy": false,
            "id": "qwiklabs-gcp-03-3444594577c6/iam.googleapis.com",
            "project": "qwiklabs-gcp-03-3444594577c6",
            "service": "iam.googleapis.com",
            "timeouts": null
          },
          "sensitive_attributes": [],
          "identity_schema_version": 0,
          "private": "eyJlMmJmYjczMC1lY2FhLTExZTYtOGY4OC0zNDM2M2JjN2M0YzAiOnsiY3JlYXRlIjoxMjAwMDAwMDAwMDAwLCJkZWxldGUiOjEyMDAwMDAwMDAwMDAsInJlYWQiOjYwMDAwMDAwMDAwMCwidXBkYXRlIjoxMjAwMDAwMDAwMDAwfX0="
        },
        {
          "index_key": "staging_logging_googleapis_com",
          "schema_version": 0,
          "attributes": {
            "disable_dependent_services": null,
            "disable_on_destroy": false,
            "id": "qwiklabs-gcp-03-3444594577c6/logging.googleapis.com",
            "project": "qwiklabs-gcp-03-3444594577c6",
            "service": "logging.googleapis.com",
            "timeouts": null
          },
          "sensitive_attributes": [],
          "identity_schema_version": 0,
          "private": "eyJlMmJmYjczMC1lY2FhLTExZTYtOGY4OC0zNDM2M2JjN2M0YzAiOnsiY3JlYXRlIjoxMjAwMDAwMDAwMDAwLCJkZWxldGUiOjEyMDAwMDAwMDAwMDAsInJlYWQiOjYwMDAwMDAwMDAwMCwidXBkYXRlIjoxMjAwMDAwMDAwMDAwfX0="
        },
        {
          "index_key": "staging_run_googleapis_com",
          "schema_version": 0,
          "attributes": {
            "disable_dependent_services": null,
            "disable_on_destroy": false,
            "id": "qwiklabs-gcp-03-3444594577c6/run.googleapis.com",
            "project": "qwiklabs-gcp-03-3444594577c6",
            "service": "run.googleapis.com",
            "timeouts": null
          },
          "sensitive_attributes": [],
          "identity_schema_version": 0,
          "private": "eyJlMmJmYjczMC1lY2FhLTExZTYtOGY4OC0zNDM2M2JjN2M0YzAiOnsiY3JlYXRlIjoxMjAwMDAwMDAwMDAwLCJkZWxldGUiOjEyMDAwMDAwMDAwMDAsInJlYWQiOjYwMDAwMDAwMDAwMCwidXBkYXRlIjoxMjAwMDAwMDAwMDAwfX0="
        },
        {
          "index_key": "staging_serviceusage_googleapis_com",
          "schema_version": 0,
          "attributes": {
            "disable_dependent_services": null,
            "disable_on_destroy": false,
            "id": "qwiklabs-gcp-03-3444594577c6/serviceusage.googleapis.com",
            "project": "qwiklabs-gcp-03-3444594577c6",
            "service": "serviceusage.googleapis.com",
            "timeouts": null
          },
          "sensitive_attributes": [],
          "identity_schema_version": 0,
          "private": "eyJlMmJmYjczMC1lY2FhLTExZTYtOGY4OC0zNDM2M2JjN2M0YzAiOnsiY3JlYXRlIjoxMjAwMDAwMDAwMDAwLCJkZWxldGUiOjEyMDAwMDAwMDAwMDAsInJlYWQiOjYwMDAwMDAwMDAwMCwidXBkYXRlIjoxMjAwMDAwMDAwMDAwfX0="
        }
      ]
    },
    {
      "mode": "managed",
      "type": "google_service_account",
      "name": "app_sa",
      "provider": "provider[\"registry.terraform.io/hashicorp/google\"]",
      "instances": [
        {
          "index_key": "prod",
          "schema_version": 0,
          "attributes": {
            "account_id": "trend-marketeer-app",
            "create_ignore_already_exists": null,
            "description": "",
            "disabled": false,
            "display_name": "trend-marketeer Agent Service Account",
            "email": "trend-marketeer-app@qwiklabs-gcp-04-d24e5b52bfcb.iam.gserviceaccount.com",
            "id": "projects/qwiklabs-gcp-04-d24e5b52bfcb/serviceAccounts/trend-marketeer-app@qwiklabs-gcp-04-d24e5b52bfcb.iam.gserviceaccount.com",
            "member": "serviceAccount:trend-marketeer-app@qwiklabs-gcp-04-d24e5b52bfcb.iam.gserviceaccount.com",
            "name": "projects/qwiklabs-gcp-04-d24e5b52bfcb/serviceAccounts/trend-marketeer-app@qwiklabs-gcp-04-d24e5b52bfcb.iam.gserviceaccount.com",
            "project": "qwiklabs-gcp-04-d24e5b52bfcb",
            "timeouts": null,
            "unique_id": "104288835910411298305"
          },
          "sensitive_attributes": [],
          "identity_schema_version": 0,
          "private": "eyJlMmJmYjczMC1lY2FhLTExZTYtOGY4OC0zNDM2M2JjN2M0YzAiOnsiY3JlYXRlIjozMDAwMDAwMDAwMDB9fQ==",
          "dependencies": [
            "google_project_service.cicd_services",
            "google_project_service.deploy_project_services"
          ]
        },
        {
          "index_key": "staging",
          "schema_version": 0,
          "attributes": {
            "account_id": "trend-marketeer-app",
            "create_ignore_already_exists": null,
            "description": "",
            "disabled": false,
            "display_name": "trend-marketeer Agent Service Account",
            "email": "trend-marketeer-app@qwiklabs-gcp-03-3444594577c6.iam.gserviceaccount.com",
            "id": "projects/qwiklabs-gcp-03-3444594577c6/serviceAccounts/trend-marketeer-app@qwiklabs-gcp-03-3444594577c6.iam.gserviceaccount.com",
            "member": "serviceAccount:trend-marketeer-app@qwiklabs-gcp-03-3444594577c6.iam.gserviceaccount.com",
            "name": "projects/qwiklabs-gcp-03-3444594577c6/serviceAccounts/trend-marketeer-app@qwiklabs-gcp-03-3444594577c6.iam.gserviceaccount.com",
            "project": "qwiklabs-gcp-03-3444594577c6",
            "timeouts": null,
            "unique_id": "105499500918109426361"
          },
          "sensitive_attributes": [],
          "identity_schema_version": 0,
          "private": "eyJlMmJmYjczMC1lY2FhLTExZTYtOGY4OC0zNDM2M2JjN2M0YzAiOnsiY3JlYXRlIjozMDAwMDAwMDAwMDB9fQ==",
          "dependencies": [
            "google_project_service.cicd_services",
            "google_project_service.deploy_project_services"
          ]
        }
      ]
    },
    {
      "mode": "managed",
      "type": "google_service_account",
      "name": "cicd_runner_sa",
      "provider": "provider[\"registry.terraform.io/hashicorp/google\"]",
      "instances": [
        {
          "schema_version": 0,
          "attributes": {
            "account_id": "trend-marketeer-cb",
            "create_ignore_already_exists": null,
            "description": "",
            "disabled": false,
            "display_name": "CICD Runner SA",
            "email": "trend-marketeer-cb@qwiklabs-gcp-04-d24e5b52bfcb.iam.gserviceaccount.com",
            "id": "projects/qwiklabs-gcp-04-d24e5b52bfcb/serviceAccounts/trend-marketeer-cb@qwiklabs-gcp-04-d24e5b52bfcb.iam.gserviceaccount.com",
            "member": "serviceAccount:trend-marketeer-cb@qwiklabs-gcp-04-d24e5b52bfcb.iam.gserviceaccount.com",
            "name": "projects/qwiklabs-gcp-04-d24e5b52bfcb/serviceAccounts/trend-marketeer-cb@qwiklabs-gcp-04-d24e5b52bfcb.iam.gserviceaccount.com",
            "project": "qwiklabs-gcp-04-d24e5b52bfcb",
            "timeouts": null,
            "unique_id": "109507326127404113412"
          },
          "sensitive_attributes": [],
          "identity_schema_version": 0,
          "private": "eyJlMmJmYjczMC1lY2FhLTExZTYtOGY4OC0zNDM2M2JjN2M0YzAiOnsiY3JlYXRlIjozMDAwMDAwMDAwMDB9fQ==",
          "dependencies": [
            "google_project_service.cicd_services",
            "google_project_service.deploy_project_services"
          ]
        }
      ]
    },
    {
      "mode": "managed",
      "type": "google_service_account_iam_member",
      "name": "cicd_run_invoker_account_user",
      "provider": "provider[\"registry.terraform.io/hashicorp/google\"]",
      "instances": [
        {
          "schema_version": 0,
          "attributes": {
            "condition": [],
            "etag": "BwY+6sAK8uY=",
            "id": "projects/qwiklabs-gcp-04-d24e5b52bfcb/serviceAccounts/trend-marketeer-cb@qwiklabs-gcp-04-d24e5b52bfcb.iam.gserviceaccount.com/roles/iam.serviceAccountUser/serviceAccount:trend-marketeer-cb@qwiklabs-gcp-04-d24e5b52bfcb.iam.gserviceaccount.com",
            "member": "serviceAccount:trend-marketeer-cb@qwiklabs-gcp-04-d24e5b52bfcb.iam.gserviceaccount.com",
            "role": "roles/iam.serviceAccountUser",
            "service_account_id": "projects/qwiklabs-gcp-04-d24e5b52bfcb/serviceAccounts/trend-marketeer-cb@qwiklabs-gcp-04-d24e5b52bfcb.iam.gserviceaccount.com"
          },
          "sensitive_attributes": [],
          "identity_schema_version": 0,
          "private": "bnVsbA==",
          "dependencies": [
            "google_project_service.cicd_services",
            "google_project_service.deploy_project_services",
            "google_service_account.cicd_runner_sa"
          ]
        }
      ]
    },
    {
      "mode": "managed",
      "type": "google_service_account_iam_member",
      "name": "cicd_run_invoker_token_creator",
      "provider": "provider[\"registry.terraform.io/hashicorp/google\"]",
      "instances": [
        {
          "schema_version": 0,
          "attributes": {
            "condition": [],
            "etag": "BwY+6sAK8uY=",
            "id": "projects/qwiklabs-gcp-04-d24e5b52bfcb/serviceAccounts/trend-marketeer-cb@qwiklabs-gcp-04-d24e5b52bfcb.iam.gserviceaccount.com/roles/iam.serviceAccountTokenCreator/serviceAccount:trend-marketeer-cb@qwiklabs-gcp-04-d24e5b52bfcb.iam.gserviceaccount.com",
            "member": "serviceAccount:trend-marketeer-cb@qwiklabs-gcp-04-d24e5b52bfcb.iam.gserviceaccount.com",
            "role": "roles/iam.serviceAccountTokenCreator",
            "service_account_id": "projects/qwiklabs-gcp-04-d24e5b52bfcb/serviceAccounts/trend-marketeer-cb@qwiklabs-gcp-04-d24e5b52bfcb.iam.gserviceaccount.com"
          },
          "sensitive_attributes": [],
          "identity_schema_version": 0,
          "private": "bnVsbA==",
          "dependencies": [
            "google_project_service.cicd_services",
            "google_project_service.deploy_project_services",
            "google_service_account.cicd_runner_sa"
          ]
        }
      ]
    },
    {
      "mode": "managed",
      "type": "google_service_account_iam_member",
      "name": "github_oidc_access",
      "provider": "provider[\"registry.terraform.io/hashicorp/google\"]",
      "instances": [
        {
          "schema_version": 0,
          "attributes": {
            "condition": [],
            "etag": "BwY+6sAK8uY=",
            "id": "projects/qwiklabs-gcp-04-d24e5b52bfcb/serviceAccounts/trend-marketeer-cb@qwiklabs-gcp-04-d24e5b52bfcb.iam.gserviceaccount.com/roles/iam.workloadIdentityUser/principalSet://iam.googleapis.com/projects/432386448283/locations/global/workloadIdentityPools/trend-marketeer-pool/attribute.repository/Springbok-Agency/oryonx-agentic-era-hackathon",
            "member": "principalSet://iam.googleapis.com/projects/432386448283/locations/global/workloadIdentityPools/trend-marketeer-pool/attribute.repository/Springbok-Agency/oryonx-agentic-era-hackathon",
            "role": "roles/iam.workloadIdentityUser",
            "service_account_id": "projects/qwiklabs-gcp-04-d24e5b52bfcb/serviceAccounts/trend-marketeer-cb@qwiklabs-gcp-04-d24e5b52bfcb.iam.gserviceaccount.com"
          },
          "sensitive_attributes": [],
          "identity_schema_version": 0,
          "private": "bnVsbA==",
          "dependencies": [
            "data.google_project.cicd_project",
            "google_iam_workload_identity_pool.github_pool",
            "google_project_service.cicd_services",
            "google_project_service.deploy_project_services",
            "google_service_account.cicd_runner_sa"
          ]
        }
      ]
    },
    {
      "mode": "managed",
      "type": "google_service_account_iam_member",
      "name": "github_sa_impersonation",
      "provider": "provider[\"registry.terraform.io/hashicorp/google\"]",
      "instances": [
        {
          "schema_version": 0,
          "attributes": {
            "condition": [],
            "etag": "BwY+6sAK8uY=",
            "id": "projects/qwiklabs-gcp-04-d24e5b52bfcb/serviceAccounts/trend-marketeer-cb@qwiklabs-gcp-04-d24e5b52bfcb.iam.gserviceaccount.com/roles/iam.serviceAccountTokenCreator/principalSet://iam.googleapis.com/projects/432386448283/locations/global/workloadIdentityPools/trend-marketeer-pool/attribute.repository/Springbok-Agency/oryonx-agentic-era-hackathon",
            "member": "principalSet://iam.googleapis.com/projects/432386448283/locations/global/workloadIdentityPools/trend-marketeer-pool/attribute.repository/Springbok-Agency/oryonx-agentic-era-hackathon",
            "role": "roles/iam.serviceAccountTokenCreator",
            "service_account_id": "projects/qwiklabs-gcp-04-d24e5b52bfcb/serviceAccounts/trend-marketeer-cb@qwiklabs-gcp-04-d24e5b52bfcb.iam.gserviceaccount.com"
          },
          "sensitive_attributes": [],
          "identity_schema_version": 0,
          "private": "bnVsbA==",
          "dependencies": [
            "data.google_project.cicd_project",
            "google_iam_workload_identity_pool.github_pool",
            "google_project_service.cicd_services",
            "google_project_service.deploy_project_services",
            "google_service_account.cicd_runner_sa"
          ]
        }
      ]
    },
    {
      "mode": "managed",
      "type": "google_storage_bucket",
      "name": "bucket_load_test_results",
      "provider": "provider[\"registry.terraform.io/hashicorp/google\"]",
      "instances": [
        {
          "schema_version": 3,
          "attributes": {
            "autoclass": [],
            "cors": [],
            "custom_placement_config": [],
            "default_event_based_hold": false,
            "effective_labels": {
              "goog-terraform-provisioned": "true"
            },
            "enable_object_retention": false,
            "encryption": [],
            "force_destroy": true,
            "hierarchical_namespace": [
              {
                "enabled": false
              }
            ],
            "id": "qwiklabs-gcp-04-d24e5b52bfcb-trend-marketeer-load-test",
            "ip_filter": [],
            "labels": {},
            "lifecycle_rule": [],
            "location": "EUROPE-WEST4",
            "logging": [],
            "name": "qwiklabs-gcp-04-d24e5b52bfcb-trend-marketeer-load-test",
            "project": "qwiklabs-gcp-04-d24e5b52bfcb",
            "project_number": 432386448283,
            "public_access_prevention": "inherited",
            "requester_pays": false,
            "retention_policy": [],
            "rpo": null,
            "self_link": "https://www.googleapis.com/storage/v1/b/qwiklabs-gcp-04-d24e5b52bfcb-trend-marketeer-load-test",
            "soft_delete_policy": [
              {
                "effective_time": "2025-09-16T13:03:02.114Z",
                "retention_duration_seconds": 604800
              }
            ],
            "storage_class": "STANDARD",
            "terraform_labels": {
              "goog-terraform-provisioned": "true"
            },
            "time_created": "2025-09-16T13:03:02.114Z",
            "timeouts": null,
            "uniform_bucket_level_access": true,
            "updated": "2025-09-16T13:03:02.114Z",
            "url": "gs://qwiklabs-gcp-04-d24e5b52bfcb-trend-marketeer-load-test",
            "versioning": [],
            "website": []
          },
          "sensitive_attributes": [],
          "identity_schema_version": 0,
          "private": "eyJlMmJmYjczMC1lY2FhLTExZTYtOGY4OC0zNDM2M2JjN2M0YzAiOnsiY3JlYXRlIjo2MDAwMDAwMDAwMDAsInJlYWQiOjI0MDAwMDAwMDAwMCwidXBkYXRlIjoyNDAwMDAwMDAwMDB9LCJzY2hlbWFfdmVyc2lvbiI6IjMifQ==",
          "dependencies": [
            "google_project_service.cicd_services",
            "google_project_service.deploy_project_services"
          ]
        }
      ]
    },
    {
      "mode": "managed",
      "type": "google_storage_bucket",
      "name": "logs_data_bucket",
      "provider": "provider[\"registry.terraform.io/hashicorp/google\"]",
      "instances": [
        {
          "index_key": "qwiklabs-gcp-03-3444594577c6",
          "schema_version": 3,
          "attributes": {
            "autoclass": [],
            "cors": [],
            "custom_placement_config": [],
            "default_event_based_hold": false,
            "effective_labels": {
              "goog-terraform-provisioned": "true"
            },
            "enable_object_retention": false,
            "encryption": [],
            "force_destroy": true,
            "hierarchical_namespace": [
              {
                "enabled": false
              }
            ],
            "id": "qwiklabs-gcp-03-3444594577c6-trend-marketeer-logs-data",
            "ip_filter": [],
            "labels": {},
            "lifecycle_rule": [],
            "location": "EUROPE-WEST4",
            "logging": [],
            "name": "qwiklabs-gcp-03-3444594577c6-trend-marketeer-logs-data",
            "project": "qwiklabs-gcp-03-3444594577c6",
            "project_number": 267302560684,
            "public_access_prevention": "inherited",
            "requester_pays": false,
            "retention_policy": [],
            "rpo": null,
            "self_link": "https://www.googleapis.com/storage/v1/b/qwiklabs-gcp-03-3444594577c6-trend-marketeer-logs-data",
            "soft_delete_policy": [
              {
                "effective_time": "2025-09-16T13:03:02.284Z",
                "retention_duration_seconds": 604800
              }
            ],
            "storage_class": "STANDARD",
            "terraform_labels": {
              "goog-terraform-provisioned": "true"
            },
            "time_created": "2025-09-16T13:03:02.284Z",
            "timeouts": null,
            "uniform_bucket_level_access": true,
            "updated": "2025-09-16T13:03:02.284Z",
            "url": "gs://qwiklabs-gcp-03-3444594577c6-trend-marketeer-logs-data",
            "versioning": [],
            "website": []
          },
          "sensitive_attributes": [],
          "identity_schema_version": 0,
          "private": "eyJlMmJmYjczMC1lY2FhLTExZTYtOGY4OC0zNDM2M2JjN2M0YzAiOnsiY3JlYXRlIjo2MDAwMDAwMDAwMDAsInJlYWQiOjI0MDAwMDAwMDAwMCwidXBkYXRlIjoyNDAwMDAwMDAwMDB9LCJzY2hlbWFfdmVyc2lvbiI6IjMifQ==",
          "dependencies": [
            "google_project_service.cicd_services",
            "google_project_service.deploy_project_services"
          ]
        },
        {
          "index_key": "qwiklabs-gcp-04-d24e5b52bfcb",
          "schema_version": 3,
          "attributes": {
            "autoclass": [],
            "cors": [],
            "custom_placement_config": [],
            "default_event_based_hold": false,
            "effective_labels": {
              "goog-terraform-provisioned": "true"
            },
            "enable_object_retention": false,
            "encryption": [],
            "force_destroy": true,
            "hierarchical_namespace": [
              {
                "enabled": false
              }
            ],
            "id": "qwiklabs-gcp-04-d24e5b52bfcb-trend-marketeer-logs-data",
            "ip_filter": [],
            "labels": {},
            "lifecycle_rule": [],
            "location": "EUROPE-WEST4",
            "logging": [],
            "name": "qwiklabs-gcp-04-d24e5b52bfcb-trend-marketeer-logs-data",
            "project": "qwiklabs-gcp-04-d24e5b52bfcb",
            "project_number": 432386448283,
            "public_access_prevention": "inherited",
            "requester_pays": false,
            "retention_policy": [],
            "rpo": null,
            "self_link": "https://www.googleapis.com/storage/v1/b/qwiklabs-gcp-04-d24e5b52bfcb-trend-marketeer-logs-data",
            "soft_delete_policy": [
              {
                "effective_time": "2025-09-16T13:03:03.412Z",
                "retention_duration_seconds": 604800
              }
            ],
            "storage_class": "STANDARD",
            "terraform_labels": {
              "goog-terraform-provisioned": "true"
            },
            "time_created": "2025-09-16T13:03:03.412Z",
            "timeouts": null,
            "uniform_bucket_level_access": true,
            "updated": "2025-09-16T13:03:03.412Z",
            "url": "gs://qwiklabs-gcp-04-d24e5b52bfcb-trend-marketeer-logs-data",
            "versioning": [],
            "website": []
          },
          "sensitive_attributes": [],
          "identity_schema_version": 0,
          "private": "eyJlMmJmYjczMC1lY2FhLTExZTYtOGY4OC0zNDM2M2JjN2M0YzAiOnsiY3JlYXRlIjo2MDAwMDAwMDAwMDAsInJlYWQiOjI0MDAwMDAwMDAwMCwidXBkYXRlIjoyNDAwMDAwMDAwMDB9LCJzY2hlbWFfdmVyc2lvbiI6IjMifQ==",
          "dependencies": [
            "google_project_service.cicd_services",
            "google_project_service.deploy_project_services"
          ]
        }
      ]
    },
    {
      "module": "module.feedback_export_to_bigquery[\"prod\"]",
      "mode": "managed",
      "type": "google_logging_billing_account_sink",
      "name": "sink",
      "provider": "provider[\"registry.terraform.io/hashicorp/google\"]",
      "instances": []
    },
    {
      "module": "module.feedback_export_to_bigquery[\"prod\"]",
      "mode": "managed",
      "type": "google_logging_folder_sink",
      "name": "sink",
      "provider": "provider[\"registry.terraform.io/hashicorp/google\"]",
      "instances": []
    },
    {
      "module": "module.feedback_export_to_bigquery[\"prod\"]",
      "mode": "managed",
      "type": "google_logging_organization_sink",
      "name": "sink",
      "provider": "provider[\"registry.terraform.io/hashicorp/google\"]",
      "instances": []
    },
    {
      "module": "module.feedback_export_to_bigquery[\"prod\"]",
      "mode": "managed",
      "type": "google_logging_project_sink",
      "name": "sink",
      "provider": "provider[\"registry.terraform.io/hashicorp/google\"]",
      "instances": [
        {
          "index_key": 0,
          "schema_version": 0,
          "attributes": {
            "bigquery_options": [
              {
                "use_partitioned_tables": true
              }
            ],
            "custom_writer_identity": null,
            "description": "",
            "destination": "bigquery.googleapis.com/projects/qwiklabs-gcp-04-d24e5b52bfcb/datasets/trend_marketeer_feedback",
            "disabled": false,
            "exclusions": [],
            "filter": "jsonPayload.log_type=\"feedback\"",
            "id": "projects/qwiklabs-gcp-04-d24e5b52bfcb/sinks/trend-marketeer_feedback",
            "name": "trend-marketeer_feedback",
            "project": "qwiklabs-gcp-04-d24e5b52bfcb",
            "unique_writer_identity": true,
            "writer_identity": "serviceAccount:service-432386448283@gcp-sa-logging.iam.gserviceaccount.com"
          },
          "sensitive_attributes": [],
          "identity_schema_version": 0,
          "private": "bnVsbA==",
          "dependencies": [
            "google_bigquery_dataset.feedback_dataset",
            "google_project_service.cicd_services",
            "google_project_service.deploy_project_services"
          ]
        }
      ]
    },
    {
      "module": "module.feedback_export_to_bigquery[\"staging\"]",
      "mode": "managed",
      "type": "google_logging_billing_account_sink",
      "name": "sink",
      "provider": "provider[\"registry.terraform.io/hashicorp/google\"]",
      "instances": []
    },
    {
      "module": "module.feedback_export_to_bigquery[\"staging\"]",
      "mode": "managed",
      "type": "google_logging_folder_sink",
      "name": "sink",
      "provider": "provider[\"registry.terraform.io/hashicorp/google\"]",
      "instances": []
    },
    {
      "module": "module.feedback_export_to_bigquery[\"staging\"]",
      "mode": "managed",
      "type": "google_logging_organization_sink",
      "name": "sink",
      "provider": "provider[\"registry.terraform.io/hashicorp/google\"]",
      "instances": []
    },
    {
      "module": "module.feedback_export_to_bigquery[\"staging\"]",
      "mode": "managed",
      "type": "google_logging_project_sink",
      "name": "sink",
      "provider": "provider[\"registry.terraform.io/hashicorp/google\"]",
      "instances": [
        {
          "index_key": 0,
          "schema_version": 0,
          "attributes": {
            "bigquery_options": [
              {
                "use_partitioned_tables": true
              }
            ],
            "custom_writer_identity": null,
            "description": "",
            "destination": "bigquery.googleapis.com/projects/qwiklabs-gcp-03-3444594577c6/datasets/trend_marketeer_feedback",
            "disabled": false,
            "exclusions": [],
            "filter": "jsonPayload.log_type=\"feedback\"",
            "id": "projects/qwiklabs-gcp-03-3444594577c6/sinks/trend-marketeer_feedback",
            "name": "trend-marketeer_feedback",
            "project": "qwiklabs-gcp-03-3444594577c6",
            "unique_writer_identity": true,
            "writer_identity": "serviceAccount:service-267302560684@gcp-sa-logging.iam.gserviceaccount.com"
          },
          "sensitive_attributes": [],
          "identity_schema_version": 0,
          "private": "bnVsbA==",
          "dependencies": [
            "google_bigquery_dataset.feedback_dataset",
            "google_project_service.cicd_services",
            "google_project_service.deploy_project_services"
          ]
        }
      ]
    },
    {
      "module": "module.log_export_to_bigquery[\"prod\"]",
      "mode": "managed",
      "type": "google_logging_billing_account_sink",
      "name": "sink",
      "provider": "provider[\"registry.terraform.io/hashicorp/google\"]",
      "instances": []
    },
    {
      "module": "module.log_export_to_bigquery[\"prod\"]",
      "mode": "managed",
      "type": "google_logging_folder_sink",
      "name": "sink",
      "provider": "provider[\"registry.terraform.io/hashicorp/google\"]",
      "instances": []
    },
    {
      "module": "module.log_export_to_bigquery[\"prod\"]",
      "mode": "managed",
      "type": "google_logging_organization_sink",
      "name": "sink",
      "provider": "provider[\"registry.terraform.io/hashicorp/google\"]",
      "instances": []
    },
    {
      "module": "module.log_export_to_bigquery[\"prod\"]",
      "mode": "managed",
      "type": "google_logging_project_sink",
      "name": "sink",
      "provider": "provider[\"registry.terraform.io/hashicorp/google\"]",
      "instances": [
        {
          "index_key": 0,
          "schema_version": 0,
          "attributes": {
            "bigquery_options": [
              {
                "use_partitioned_tables": true
              }
            ],
            "custom_writer_identity": null,
            "description": "",
            "destination": "bigquery.googleapis.com/projects/qwiklabs-gcp-04-d24e5b52bfcb/datasets/trend_marketeer_telemetry",
            "disabled": false,
            "exclusions": [],
            "filter": "labels.service_name=\"trend-marketeer\" labels.type=\"agent_telemetry\"",
            "id": "projects/qwiklabs-gcp-04-d24e5b52bfcb/sinks/trend-marketeer_telemetry",
            "name": "trend-marketeer_telemetry",
            "project": "qwiklabs-gcp-04-d24e5b52bfcb",
            "unique_writer_identity": true,
            "writer_identity": "serviceAccount:service-432386448283@gcp-sa-logging.iam.gserviceaccount.com"
          },
          "sensitive_attributes": [],
          "identity_schema_version": 0,
          "private": "bnVsbA==",
          "dependencies": [
            "google_bigquery_dataset.telemetry_logs_dataset",
            "google_project_service.cicd_services",
            "google_project_service.deploy_project_services"
          ]
        }
      ]
    },
    {
      "module": "module.log_export_to_bigquery[\"staging\"]",
      "mode": "managed",
      "type": "google_logging_billing_account_sink",
      "name": "sink",
      "provider": "provider[\"registry.terraform.io/hashicorp/google\"]",
      "instances": []
    },
    {
      "module": "module.log_export_to_bigquery[\"staging\"]",
      "mode": "managed",
      "type": "google_logging_folder_sink",
      "name": "sink",
      "provider": "provider[\"registry.terraform.io/hashicorp/google\"]",
      "instances": []
    },
    {
      "module": "module.log_export_to_bigquery[\"staging\"]",
      "mode": "managed",
      "type": "google_logging_organization_sink",
      "name": "sink",
      "provider": "provider[\"registry.terraform.io/hashicorp/google\"]",
      "instances": []
    },
    {
      "module": "module.log_export_to_bigquery[\"staging\"]",
      "mode": "managed",
      "type": "google_logging_project_sink",
      "name": "sink",
      "provider": "provider[\"registry.terraform.io/hashicorp/google\"]",
      "instances": [
        {
          "index_key": 0,
          "schema_version": 0,
          "attributes": {
            "bigquery_options": [
              {
                "use_partitioned_tables": true
              }
            ],
            "custom_writer_identity": null,
            "description": "",
            "destination": "bigquery.googleapis.com/projects/qwiklabs-gcp-03-3444594577c6/datasets/trend_marketeer_telemetry",
            "disabled": false,
            "exclusions": [],
            "filter": "labels.service_name=\"trend-marketeer\" labels.type=\"agent_telemetry\"",
            "id": "projects/qwiklabs-gcp-03-3444594577c6/sinks/trend-marketeer_telemetry",
            "name": "trend-marketeer_telemetry",
            "project": "qwiklabs-gcp-03-3444594577c6",
            "unique_writer_identity": true,
            "writer_identity": "serviceAccount:service-267302560684@gcp-sa-logging.iam.gserviceaccount.com"
          },
          "sensitive_attributes": [],
          "identity_schema_version": 0,
          "private": "bnVsbA==",
          "dependencies": [
            "google_bigquery_dataset.telemetry_logs_dataset",
            "google_project_service.cicd_services",
            "google_project_service.deploy_project_services"
          ]
        }
      ]
    }
  ],
  "check_results": null
}
